
Microsoft Visual Studio Solution File, Format Version 12.00
# Visual Studio 14
VisualStudioVersion = 14.0.25420.1
MinimumVisualStudioVersion = 10.0.40219.1
Project("{FAE04EC0-301F-11D3-BF4B-00C04F79EFBC}") = "DMFX.FilingInterfaces", "DMFX.Interfaces\DMFX.FilingInterfaces.csproj", "{5E07195D-5203-4468-9B6E-9385E9BAE692}"
EndProject
Project("{FAE04EC0-301F-11D3-BF4B-00C04F79EFBC}") = "DMFX.SECParsers", "DMFX.SECParser\DMFX.SECParsers.csproj", "{1BD5D8AC-BA4F-4D76-9C49-31671FB13E8B}"
EndProject
Project("{2150E333-8FDC-42A3-9474-1A3956D46DE8}") = "Tests", "Tests", "{C9258F12-9DC9-471E-BD9E-36A4D093720B}"
EndProject
Project("{FAE04EC0-301F-11D3-BF4B-00C04F79EFBC}") = "DMFX.Test.SECParsers", "Tests\DMFX.Test.SECParsers\DMFX.Test.SECParsers.csproj", "{8EDF4429-251A-416D-BB68-93F227191BCF}"
EndProject
Project("{FAE04EC0-301F-11D3-BF4B-00C04F79EFBC}") = "ConsoleTestDBConnect", "Tests\ConsoleTestDBConnect\ConsoleTestDBConnect.csproj", "{0D2DD20E-7405-4DD0-B32F-877B508DCC80}"
EndProject
Project("{2150E333-8FDC-42A3-9474-1A3956D46DE8}") = "SourcingAPI", "SourcingAPI", "{38D19787-27AD-414C-ADB4-E7251358BA85}"
EndProject
Project("{FAE04EC0-301F-11D3-BF4B-00C04F79EFBC}") = "DMFX.SEC.Api", "SourcingAPI\DMFX.SEC.Api\DMFX.SEC.Api.csproj", "{E4B0D242-CC93-41AF-91F9-936D76071F22}"
EndProject
Project("{FAE04EC0-301F-11D3-BF4B-00C04F79EFBC}") = "DMFX.Test.SECApi", "Tests\MDFX.Test.SECApi\DMFX.Test.SECApi.csproj", "{ED44669E-0C24-4161-A3FA-F9F6C8030009}"
EndProject
Project("{2150E333-8FDC-42A3-9474-1A3956D46DE8}") = "Services", "Services", "{C41EB4FF-B636-47A4-82D2-2A4E4CF56CDA}"
EndProject
Project("{FAE04EC0-301F-11D3-BF4B-00C04F79EFBC}") = "DMFX.Service.Sourcing", "Services\DMFX.Service.Sourcing\DMFX.Service.Sourcing.csproj", "{4389B305-B381-4B50-B1A8-BBB5259A0524}"
	ProjectSection(ProjectDependencies) = postProject
		{1CBD366B-5DBC-43CA-98B0-EEA639F16D6A} = {1CBD366B-5DBC-43CA-98B0-EEA639F16D6A}
		{F01E9B96-CA46-4E0A-9F37-3BCCF4C9B355} = {F01E9B96-CA46-4E0A-9F37-3BCCF4C9B355}
	EndProjectSection
EndProject
Project("{FAE04EC0-301F-11D3-BF4B-00C04F79EFBC}") = "DMFX.Source.SEC", "DMFX.Source.SEC\DMFX.Source.SEC.csproj", "{EF65FF57-5C1B-4E3B-95BA-6DF1891E1A1F}"
EndProject
Project("{FAE04EC0-301F-11D3-BF4B-00C04F79EFBC}") = "DMFX.Dictionaries", "FileDictionary\DMFX.Dictionaries.csproj", "{5D57122D-1DA7-482D-8F5F-4F5B5D96108F}"
EndProject
Project("{FAE04EC0-301F-11D3-BF4B-00C04F79EFBC}") = "DMFX.Test.Dictionaries", "Tests\DMFX.Test.Dictionaries\DMFX.Test.Dictionaries.csproj", "{14A13CBD-156B-475A-A95D-ADBC9CBB5226}"
EndProject
Project("{FAE04EC0-301F-11D3-BF4B-00C04F79EFBC}") = "DMFX.Test.Sources", "Tests\DMFX.Test.Sources\DMFX.Test.Sources.csproj", "{446FC7DD-25AC-43B9-A616-91B4B8621509}"
EndProject
Project("{FAE04EC0-301F-11D3-BF4B-00C04F79EFBC}") = "DMFX.Service.DTO", "Services\DMFX.Service.DTO\DMFX.Service.DTO.csproj", "{944B12E2-8A35-4470-9219-54CCE3278E3A}"
EndProject
Project("{FAE04EC0-301F-11D3-BF4B-00C04F79EFBC}") = "DMFX.DALDatabase", "DMFX.DALDatabase\DMFX.DALDatabase.csproj", "{B13AA6DA-C166-4B0A-84DE-63D41172DD88}"
EndProject
Project("{FAE04EC0-301F-11D3-BF4B-00C04F79EFBC}") = "DMFX.Service.Filings", "Services\DMFX.Service.Filings\DMFX.Service.Filings.csproj", "{A0DD90E7-2B24-429F-A42B-3D0FD6996480}"
	ProjectSection(ProjectDependencies) = postProject
		{1CBD366B-5DBC-43CA-98B0-EEA639F16D6A} = {1CBD366B-5DBC-43CA-98B0-EEA639F16D6A}
		{F01E9B96-CA46-4E0A-9F37-3BCCF4C9B355} = {F01E9B96-CA46-4E0A-9F37-3BCCF4C9B355}
	EndProjectSection
EndProject
Project("{2150E333-8FDC-42A3-9474-1A3956D46DE8}") = "Utils", "Utils", "{347396DF-0E08-4235-A020-1884CFB00C0B}"
EndProject
Project("{FAE04EC0-301F-11D3-BF4B-00C04F79EFBC}") = "SECParsersGenerator", "Utils\SECParsersGenerator\SECParsersGenerator.csproj", "{44BF101C-249E-4480-8F8B-A3060FAD34C6}"
EndProject
Project("{FAE04EC0-301F-11D3-BF4B-00C04F79EFBC}") = "DMFX.Test.Service.Filings", "Tests\DMFX.Test.Service.Filings\DMFX.Test.Service.Filings.csproj", "{E0AE26C0-2138-4DFD-A8F1-E84774B25340}"
EndProject
Project("{FAE04EC0-301F-11D3-BF4B-00C04F79EFBC}") = "DMFX.Test.Service.Common", "Tests\DMFX.Test.Service.Common\DMFX.Test.Service.Common.csproj", "{ABAC6196-F657-4873-BC09-31ABAC2C1373}"
EndProject
Project("{FAE04EC0-301F-11D3-BF4B-00C04F79EFBC}") = "DMFX.Common.Interfaces", "DMFX.Common.Interfaces\DMFX.Common.Interfaces.csproj", "{C2C63729-B7C1-4A48-BA51-8C0B77786753}"
EndProject
Project("{FAE04EC0-301F-11D3-BF4B-00C04F79EFBC}") = "DMFX.Logging", "DMFX.Logging\DMFX.Logging.csproj", "{4D9AAF14-0FFB-49DF-B931-ECC8DCE51ADE}"
EndProject
Project("{FAE04EC0-301F-11D3-BF4B-00C04F79EFBC}") = "DMFX.Storage", "DMFX.Storage\DMFX.Storage.csproj", "{356237D0-0810-4E96-AF9B-94F52EF0106A}"
EndProject
Project("{FAE04EC0-301F-11D3-BF4B-00C04F79EFBC}") = "DMFX.Service.Accounts", "Services\DMFX.Service.Accounts\DMFX.Service.Accounts.csproj", "{434EEA1D-7956-4D88-AE31-60C8151DC7B9}"
	ProjectSection(ProjectDependencies) = postProject
		{1CBD366B-5DBC-43CA-98B0-EEA639F16D6A} = {1CBD366B-5DBC-43CA-98B0-EEA639F16D6A}
		{F01E9B96-CA46-4E0A-9F37-3BCCF4C9B355} = {F01E9B96-CA46-4E0A-9F37-3BCCF4C9B355}
	EndProjectSection
EndProject
Project("{FAE04EC0-301F-11D3-BF4B-00C04F79EFBC}") = "DMFX.Service.Mail", "Services\DMFX.Service.Mail\DMFX.Service.Mail.csproj", "{D4EB7996-C9DA-463E-8C89-261263E61B13}"
	ProjectSection(ProjectDependencies) = postProject
		{1CBD366B-5DBC-43CA-98B0-EEA639F16D6A} = {1CBD366B-5DBC-43CA-98B0-EEA639F16D6A}
		{F01E9B96-CA46-4E0A-9F37-3BCCF4C9B355} = {F01E9B96-CA46-4E0A-9F37-3BCCF4C9B355}
	EndProjectSection
EndProject
Project("{FAE04EC0-301F-11D3-BF4B-00C04F79EFBC}") = "DMFX.Test.Service.Mail", "Tests\DMFX.Test.Service.Mail\DMFX.Test.Service.Mail.csproj", "{5AD0A739-A822-4096-88B7-40A701EC94F5}"
EndProject
Project("{FAE04EC0-301F-11D3-BF4B-00C04F79EFBC}") = "DMFX.Test.Service.Accounts", "Tests\DMFX.Test.Service.Accounts\DMFX.Test.Service.Accounts.csproj", "{719D5F48-B194-445D-8E5B-6590A499F3B9}"
EndProject
Project("{FAE04EC0-301F-11D3-BF4B-00C04F79EFBC}") = "DMFX.Service.Common", "Services\DMFX.Services.Common\DMFX.Service.Common.csproj", "{3DEC5FD8-E026-4D58-A688-21CED13DC09D}"
EndProject
Project("{FAE04EC0-301F-11D3-BF4B-00C04F79EFBC}") = "DMFX.Service.Scheduler", "Services\DMFX.Service.Scheduler\DMFX.Service.Scheduler.csproj", "{71718C81-146D-4248-98CF-27902EBF1F36}"
	ProjectSection(ProjectDependencies) = postProject
		{1CBD366B-5DBC-43CA-98B0-EEA639F16D6A} = {1CBD366B-5DBC-43CA-98B0-EEA639F16D6A}
		{F01E9B96-CA46-4E0A-9F37-3BCCF4C9B355} = {F01E9B96-CA46-4E0A-9F37-3BCCF4C9B355}
	EndProjectSection
EndProject
Project("{2150E333-8FDC-42A3-9474-1A3956D46DE8}") = "Plugins-Out", "Plugins-Out", "{BAE2669B-9082-40E6-809D-BF8DEEFF2EC7}"
EndProject
Project("{FAE04EC0-301F-11D3-BF4B-00C04F79EFBC}") = "DMFX.PluginsBuildControl", "DMFX.PluginsBuildControl\DMFX.PluginsBuildControl.csproj", "{F01E9B96-CA46-4E0A-9F37-3BCCF4C9B355}"
	ProjectSection(ProjectDependencies) = postProject
		{4D9AAF14-0FFB-49DF-B931-ECC8DCE51ADE} = {4D9AAF14-0FFB-49DF-B931-ECC8DCE51ADE}
		{563D8817-7ACB-4703-8147-29684E0DA506} = {563D8817-7ACB-4703-8147-29684E0DA506}
		{5D57122D-1DA7-482D-8F5F-4F5B5D96108F} = {5D57122D-1DA7-482D-8F5F-4F5B5D96108F}
		{BA2A874E-9C7D-4935-9C36-306B126A8C07} = {BA2A874E-9C7D-4935-9C36-306B126A8C07}
		{EF65FF57-5C1B-4E3B-95BA-6DF1891E1A1F} = {EF65FF57-5C1B-4E3B-95BA-6DF1891E1A1F}
		{1BD5D8AC-BA4F-4D76-9C49-31671FB13E8B} = {1BD5D8AC-BA4F-4D76-9C49-31671FB13E8B}
		{356237D0-0810-4E96-AF9B-94F52EF0106A} = {356237D0-0810-4E96-AF9B-94F52EF0106A}
		{B13AA6DA-C166-4B0A-84DE-63D41172DD88} = {B13AA6DA-C166-4B0A-84DE-63D41172DD88}
	EndProjectSection
EndProject
Project("{FAE04EC0-301F-11D3-BF4B-00C04F79EFBC}") = "DMFX.Service.TechUtils", "Services\DMFX.Service.TechUtils\DMFX.Service.TechUtils.csproj", "{F079866D-6AA6-432A-B9FB-9935889CD661}"
	ProjectSection(ProjectDependencies) = postProject
		{1CBD366B-5DBC-43CA-98B0-EEA639F16D6A} = {1CBD366B-5DBC-43CA-98B0-EEA639F16D6A}
	EndProjectSection
EndProject
Project("{FAE04EC0-301F-11D3-BF4B-00C04F79EFBC}") = "DMFX.Stooq.Api", "SourcingAPI\DMFX.Stooq.Api\DMFX.Stooq.Api.csproj", "{B1F8E682-AB4D-4EEF-AC97-EF6183A25BE6}"
EndProject
Project("{FAE04EC0-301F-11D3-BF4B-00C04F79EFBC}") = "DMFX.QuotesInterfaces", "DMFX.QuotesInterfaces\DMFX.QuotesInterfaces.csproj", "{C69FAD89-D66E-4996-876A-E346BCBD3546}"
EndProject
Project("{FAE04EC0-301F-11D3-BF4B-00C04F79EFBC}") = "DMFX.Test.StoopApi", "Tests\DMFX.Text.StoopApi\DMFX.Test.StoopApi.csproj", "{D936FE85-7E27-4F08-BC07-B793585B719E}"
EndProject
Project("{FAE04EC0-301F-11D3-BF4B-00C04F79EFBC}") = "DMFX.Source.Stooq", "DMFX.Source.Stooq\DMFX.Source.Stooq.csproj", "{BA2A874E-9C7D-4935-9C36-306B126A8C07}"
EndProject
Project("{FAE04EC0-301F-11D3-BF4B-00C04F79EFBC}") = "DMFX.PortfolioInterfaces", "DMFX.PortfolioInterfaces\DMFX.PortfolioInterfaces.csproj", "{409E0C87-844C-41E1-A837-FC4C88B3F20F}"
EndProject
Project("{FAE04EC0-301F-11D3-BF4B-00C04F79EFBC}") = "DMFX.Portfolio", "DMFX.Portfolio\DMFX.Portfolio.csproj", "{563D8817-7ACB-4703-8147-29684E0DA506}"
EndProject
Project("{FAE04EC0-301F-11D3-BF4B-00C04F79EFBC}") = "DMFX.QuotesDAL", "DMFX.QuotesDAL\DMFX.QuotesDAL.csproj", "{4E1E0290-440E-4E08-807D-8BAC46B9D4FB}"
EndProject
Project("{FAE04EC0-301F-11D3-BF4B-00C04F79EFBC}") = "DMFX.Test.QuotesDal", "Tests\DMFX.Test.QuotesDal\DMFX.Test.QuotesDal.csproj", "{D09D15ED-0B43-41D0-A6F9-9C5A8A35C677}"
EndProject
Project("{FAE04EC0-301F-11D3-BF4B-00C04F79EFBC}") = "DMFX.Test.Portfolio", "Tests\DMFX.Test.Portfolio\DMFX.Test.Portfolio.csproj", "{863400AF-A113-4CE1-9C56-92E5FCD6735B}"
EndProject
Project("{FAE04EC0-301F-11D3-BF4B-00C04F79EFBC}") = "DMFX.Service.Portfolio", "Services\DMFX.Service.Portfolio\DMFX.Service.Portfolio.csproj", "{2C237752-385F-4877-A689-9F9A2D5EDCE4}"
	ProjectSection(ProjectDependencies) = postProject
		{1CBD366B-5DBC-43CA-98B0-EEA639F16D6A} = {1CBD366B-5DBC-43CA-98B0-EEA639F16D6A}
		{F01E9B96-CA46-4E0A-9F37-3BCCF4C9B355} = {F01E9B96-CA46-4E0A-9F37-3BCCF4C9B355}
	EndProjectSection
EndProject
Project("{FAE04EC0-301F-11D3-BF4B-00C04F79EFBC}") = "DMFX.Service.Quotes", "Services\DMFX.Service.Quotes\DMFX.Service.Quotes.csproj", "{5527547C-24B7-409D-99B0-7B8A595965E2}"
	ProjectSection(ProjectDependencies) = postProject
		{1CBD366B-5DBC-43CA-98B0-EEA639F16D6A} = {1CBD366B-5DBC-43CA-98B0-EEA639F16D6A}
		{F01E9B96-CA46-4E0A-9F37-3BCCF4C9B355} = {F01E9B96-CA46-4E0A-9F37-3BCCF4C9B355}
	EndProjectSection
EndProject
Project("{FAE04EC0-301F-11D3-BF4B-00C04F79EFBC}") = "DMFX.Test.Service.Quotes", "Tests\DMFX.Test.Service.Quotes\DMFX.Test.Service.Quotes.csproj", "{E21B1A93-786E-41B2-8F50-C5C6EB9312E3}"
EndProject
Project("{FAE04EC0-301F-11D3-BF4B-00C04F79EFBC}") = "DMFX.Service.QuotesSourcing", "Services\DMFX Service.QuotesSourcing\DMFX.Service.QuotesSourcing.csproj", "{E38DFF80-ABE0-4701-B198-6E9888E5E847}"
	ProjectSection(ProjectDependencies) = postProject
		{1CBD366B-5DBC-43CA-98B0-EEA639F16D6A} = {1CBD366B-5DBC-43CA-98B0-EEA639F16D6A}
		{F01E9B96-CA46-4E0A-9F37-3BCCF4C9B355} = {F01E9B96-CA46-4E0A-9F37-3BCCF4C9B355}
	EndProjectSection
EndProject
Project("{FAE04EC0-301F-11D3-BF4B-00C04F79EFBC}") = "DMFX.Source.CFTC", "DMFX.Source.CFTC\DMFX.Source.CFTC.csproj", "{78194D02-7E3B-4890-8C1C-A6EA106567DB}"
EndProject
Project("{2150E333-8FDC-42A3-9474-1A3956D46DE8}") = "Clients", "Clients", "{C3F94555-B12C-4F3F-A6AC-A9685253E273}"
EndProject
Project("{FAE04EC0-301F-11D3-BF4B-00C04F79EFBC}") = "DMFX.Client.Accounts", "Services\Clients\DMFX.Client.Accounts\DMFX.Client.Accounts.csproj", "{7F456EA1-67D8-4A99-B24C-760671DDA847}"
EndProject
Project("{FAE04EC0-301F-11D3-BF4B-00C04F79EFBC}") = "DMFX.Client.Common", "Services\Clients\DMFX.Client.Common\DMFX.Client.Common.csproj", "{70F85E1F-CDE2-49AE-B162-E338197931F9}"
EndProject
Project("{FAE04EC0-301F-11D3-BF4B-00C04F79EFBC}") = "DMFX.Client.Mail", "Services\Clients\DMFX.Client.Mail\DMFX.Client.Mail.csproj", "{58113942-4E89-48F6-A365-ADEAF324BDB4}"
EndProject
Project("{FAE04EC0-301F-11D3-BF4B-00C04F79EFBC}") = "DMFX.ServicesBuildControl", "Services\DMFX.ServicesBuildControl\DMFX.ServicesBuildControl.csproj", "{1CBD366B-5DBC-43CA-98B0-EEA639F16D6A}"
EndProject
Project("{FAE04EC0-301F-11D3-BF4B-00C04F79EFBC}") = "DMFX.CFTC.Api", "SourcingAPI\DMFX.CFTC.Api\DMFX.CFTC.Api.csproj", "{D46056D2-2524-4010-8CFD-05E424625562}"
EndProject
Project("{FAE04EC0-301F-11D3-BF4B-00C04F79EFBC}") = "DMFX.Test.CFTCApi", "Tests\DMFX.Test.CFTCApi\DMFX.Test.CFTCApi.csproj", "{E05C3E6C-93FD-4FAC-BF83-EDAF1D1B6D8E}"
EndProject
Project("{2150E333-8FDC-42A3-9474-1A3956D46DE8}") = "CommonResources", "CommonResources", "{A8AB40E7-1462-4CC1-98D8-2AC72146A9BC}"
	ProjectSection(SolutionItems) = preProject
		CommonResources\SECCompanyList.xml = CommonResources\SECCompanyList.xml
	EndProjectSection
EndProject
Global
	GlobalSection(SolutionConfigurationPlatforms) = preSolution
		Debug|Any CPU = Debug|Any CPU
		Release|Any CPU = Release|Any CPU
	EndGlobalSection
	GlobalSection(ProjectConfigurationPlatforms) = postSolution
		{5E07195D-5203-4468-9B6E-9385E9BAE692}.Debug|Any CPU.ActiveCfg = Debug|Any CPU
		{5E07195D-5203-4468-9B6E-9385E9BAE692}.Debug|Any CPU.Build.0 = Debug|Any CPU
		{5E07195D-5203-4468-9B6E-9385E9BAE692}.Release|Any CPU.ActiveCfg = Release|Any CPU
		{5E07195D-5203-4468-9B6E-9385E9BAE692}.Release|Any CPU.Build.0 = Release|Any CPU
		{1BD5D8AC-BA4F-4D76-9C49-31671FB13E8B}.Debug|Any CPU.ActiveCfg = Debug|Any CPU
		{1BD5D8AC-BA4F-4D76-9C49-31671FB13E8B}.Debug|Any CPU.Build.0 = Debug|Any CPU
		{1BD5D8AC-BA4F-4D76-9C49-31671FB13E8B}.Release|Any CPU.ActiveCfg = Release|Any CPU
		{1BD5D8AC-BA4F-4D76-9C49-31671FB13E8B}.Release|Any CPU.Build.0 = Release|Any CPU
		{8EDF4429-251A-416D-BB68-93F227191BCF}.Debug|Any CPU.ActiveCfg = Debug|Any CPU
		{8EDF4429-251A-416D-BB68-93F227191BCF}.Debug|Any CPU.Build.0 = Debug|Any CPU
		{8EDF4429-251A-416D-BB68-93F227191BCF}.Release|Any CPU.ActiveCfg = Release|Any CPU
		{8EDF4429-251A-416D-BB68-93F227191BCF}.Release|Any CPU.Build.0 = Release|Any CPU
		{0D2DD20E-7405-4DD0-B32F-877B508DCC80}.Debug|Any CPU.ActiveCfg = Debug|Any CPU
		{0D2DD20E-7405-4DD0-B32F-877B508DCC80}.Debug|Any CPU.Build.0 = Debug|Any CPU
		{0D2DD20E-7405-4DD0-B32F-877B508DCC80}.Release|Any CPU.ActiveCfg = Release|Any CPU
		{0D2DD20E-7405-4DD0-B32F-877B508DCC80}.Release|Any CPU.Build.0 = Release|Any CPU
		{E4B0D242-CC93-41AF-91F9-936D76071F22}.Debug|Any CPU.ActiveCfg = Debug|Any CPU
		{E4B0D242-CC93-41AF-91F9-936D76071F22}.Debug|Any CPU.Build.0 = Debug|Any CPU
		{E4B0D242-CC93-41AF-91F9-936D76071F22}.Release|Any CPU.ActiveCfg = Release|Any CPU
		{E4B0D242-CC93-41AF-91F9-936D76071F22}.Release|Any CPU.Build.0 = Release|Any CPU
		{ED44669E-0C24-4161-A3FA-F9F6C8030009}.Debug|Any CPU.ActiveCfg = Debug|Any CPU
		{ED44669E-0C24-4161-A3FA-F9F6C8030009}.Debug|Any CPU.Build.0 = Debug|Any CPU
		{ED44669E-0C24-4161-A3FA-F9F6C8030009}.Release|Any CPU.ActiveCfg = Release|Any CPU
		{ED44669E-0C24-4161-A3FA-F9F6C8030009}.Release|Any CPU.Build.0 = Release|Any CPU
		{4389B305-B381-4B50-B1A8-BBB5259A0524}.Debug|Any CPU.ActiveCfg = Debug|Any CPU
		{4389B305-B381-4B50-B1A8-BBB5259A0524}.Debug|Any CPU.Build.0 = Debug|Any CPU
		{4389B305-B381-4B50-B1A8-BBB5259A0524}.Release|Any CPU.ActiveCfg = Release|Any CPU
		{4389B305-B381-4B50-B1A8-BBB5259A0524}.Release|Any CPU.Build.0 = Release|Any CPU
		{EF65FF57-5C1B-4E3B-95BA-6DF1891E1A1F}.Debug|Any CPU.ActiveCfg = Debug|Any CPU
		{EF65FF57-5C1B-4E3B-95BA-6DF1891E1A1F}.Debug|Any CPU.Build.0 = Debug|Any CPU
		{EF65FF57-5C1B-4E3B-95BA-6DF1891E1A1F}.Release|Any CPU.ActiveCfg = Release|Any CPU
		{EF65FF57-5C1B-4E3B-95BA-6DF1891E1A1F}.Release|Any CPU.Build.0 = Release|Any CPU
		{5D57122D-1DA7-482D-8F5F-4F5B5D96108F}.Debug|Any CPU.ActiveCfg = Debug|Any CPU
		{5D57122D-1DA7-482D-8F5F-4F5B5D96108F}.Debug|Any CPU.Build.0 = Debug|Any CPU
		{5D57122D-1DA7-482D-8F5F-4F5B5D96108F}.Release|Any CPU.ActiveCfg = Release|Any CPU
		{5D57122D-1DA7-482D-8F5F-4F5B5D96108F}.Release|Any CPU.Build.0 = Release|Any CPU
		{14A13CBD-156B-475A-A95D-ADBC9CBB5226}.Debug|Any CPU.ActiveCfg = Debug|Any CPU
		{14A13CBD-156B-475A-A95D-ADBC9CBB5226}.Debug|Any CPU.Build.0 = Debug|Any CPU
		{14A13CBD-156B-475A-A95D-ADBC9CBB5226}.Release|Any CPU.ActiveCfg = Release|Any CPU
		{14A13CBD-156B-475A-A95D-ADBC9CBB5226}.Release|Any CPU.Build.0 = Release|Any CPU
		{446FC7DD-25AC-43B9-A616-91B4B8621509}.Debug|Any CPU.ActiveCfg = Debug|Any CPU
		{446FC7DD-25AC-43B9-A616-91B4B8621509}.Debug|Any CPU.Build.0 = Debug|Any CPU
		{446FC7DD-25AC-43B9-A616-91B4B8621509}.Release|Any CPU.ActiveCfg = Release|Any CPU
		{446FC7DD-25AC-43B9-A616-91B4B8621509}.Release|Any CPU.Build.0 = Release|Any CPU
		{944B12E2-8A35-4470-9219-54CCE3278E3A}.Debug|Any CPU.ActiveCfg = Debug|Any CPU
		{944B12E2-8A35-4470-9219-54CCE3278E3A}.Debug|Any CPU.Build.0 = Debug|Any CPU
		{944B12E2-8A35-4470-9219-54CCE3278E3A}.Release|Any CPU.ActiveCfg = Release|Any CPU
		{944B12E2-8A35-4470-9219-54CCE3278E3A}.Release|Any CPU.Build.0 = Release|Any CPU
		{B13AA6DA-C166-4B0A-84DE-63D41172DD88}.Debug|Any CPU.ActiveCfg = Debug|Any CPU
		{B13AA6DA-C166-4B0A-84DE-63D41172DD88}.Debug|Any CPU.Build.0 = Debug|Any CPU
		{B13AA6DA-C166-4B0A-84DE-63D41172DD88}.Release|Any CPU.ActiveCfg = Release|Any CPU
		{B13AA6DA-C166-4B0A-84DE-63D41172DD88}.Release|Any CPU.Build.0 = Release|Any CPU
		{A0DD90E7-2B24-429F-A42B-3D0FD6996480}.Debug|Any CPU.ActiveCfg = Debug|Any CPU
		{A0DD90E7-2B24-429F-A42B-3D0FD6996480}.Debug|Any CPU.Build.0 = Debug|Any CPU
		{A0DD90E7-2B24-429F-A42B-3D0FD6996480}.Release|Any CPU.ActiveCfg = Release|Any CPU
		{A0DD90E7-2B24-429F-A42B-3D0FD6996480}.Release|Any CPU.Build.0 = Release|Any CPU
		{44BF101C-249E-4480-8F8B-A3060FAD34C6}.Debug|Any CPU.ActiveCfg = Debug|Any CPU
		{44BF101C-249E-4480-8F8B-A3060FAD34C6}.Debug|Any CPU.Build.0 = Debug|Any CPU
		{44BF101C-249E-4480-8F8B-A3060FAD34C6}.Release|Any CPU.ActiveCfg = Release|Any CPU
		{44BF101C-249E-4480-8F8B-A3060FAD34C6}.Release|Any CPU.Build.0 = Release|Any CPU
		{E0AE26C0-2138-4DFD-A8F1-E84774B25340}.Debug|Any CPU.ActiveCfg = Debug|Any CPU
		{E0AE26C0-2138-4DFD-A8F1-E84774B25340}.Debug|Any CPU.Build.0 = Debug|Any CPU
		{E0AE26C0-2138-4DFD-A8F1-E84774B25340}.Release|Any CPU.ActiveCfg = Release|Any CPU
		{E0AE26C0-2138-4DFD-A8F1-E84774B25340}.Release|Any CPU.Build.0 = Release|Any CPU
		{ABAC6196-F657-4873-BC09-31ABAC2C1373}.Debug|Any CPU.ActiveCfg = Debug|Any CPU
		{ABAC6196-F657-4873-BC09-31ABAC2C1373}.Debug|Any CPU.Build.0 = Debug|Any CPU
		{ABAC6196-F657-4873-BC09-31ABAC2C1373}.Release|Any CPU.ActiveCfg = Release|Any CPU
		{ABAC6196-F657-4873-BC09-31ABAC2C1373}.Release|Any CPU.Build.0 = Release|Any CPU
		{C2C63729-B7C1-4A48-BA51-8C0B77786753}.Debug|Any CPU.ActiveCfg = Debug|Any CPU
		{C2C63729-B7C1-4A48-BA51-8C0B77786753}.Debug|Any CPU.Build.0 = Debug|Any CPU
		{C2C63729-B7C1-4A48-BA51-8C0B77786753}.Release|Any CPU.ActiveCfg = Release|Any CPU
		{C2C63729-B7C1-4A48-BA51-8C0B77786753}.Release|Any CPU.Build.0 = Release|Any CPU
		{4D9AAF14-0FFB-49DF-B931-ECC8DCE51ADE}.Debug|Any CPU.ActiveCfg = Debug|Any CPU
		{4D9AAF14-0FFB-49DF-B931-ECC8DCE51ADE}.Debug|Any CPU.Build.0 = Debug|Any CPU
		{4D9AAF14-0FFB-49DF-B931-ECC8DCE51ADE}.Release|Any CPU.ActiveCfg = Release|Any CPU
		{4D9AAF14-0FFB-49DF-B931-ECC8DCE51ADE}.Release|Any CPU.Build.0 = Release|Any CPU
		{356237D0-0810-4E96-AF9B-94F52EF0106A}.Debug|Any CPU.ActiveCfg = Debug|Any CPU
		{356237D0-0810-4E96-AF9B-94F52EF0106A}.Debug|Any CPU.Build.0 = Debug|Any CPU
		{356237D0-0810-4E96-AF9B-94F52EF0106A}.Release|Any CPU.ActiveCfg = Release|Any CPU
		{356237D0-0810-4E96-AF9B-94F52EF0106A}.Release|Any CPU.Build.0 = Release|Any CPU
		{434EEA1D-7956-4D88-AE31-60C8151DC7B9}.Debug|Any CPU.ActiveCfg = Debug|Any CPU
		{434EEA1D-7956-4D88-AE31-60C8151DC7B9}.Debug|Any CPU.Build.0 = Debug|Any CPU
		{434EEA1D-7956-4D88-AE31-60C8151DC7B9}.Release|Any CPU.ActiveCfg = Release|Any CPU
		{434EEA1D-7956-4D88-AE31-60C8151DC7B9}.Release|Any CPU.Build.0 = Release|Any CPU
		{D4EB7996-C9DA-463E-8C89-261263E61B13}.Debug|Any CPU.ActiveCfg = Debug|Any CPU
		{D4EB7996-C9DA-463E-8C89-261263E61B13}.Debug|Any CPU.Build.0 = Debug|Any CPU
		{D4EB7996-C9DA-463E-8C89-261263E61B13}.Release|Any CPU.ActiveCfg = Release|Any CPU
		{D4EB7996-C9DA-463E-8C89-261263E61B13}.Release|Any CPU.Build.0 = Release|Any CPU
		{5AD0A739-A822-4096-88B7-40A701EC94F5}.Debug|Any CPU.ActiveCfg = Debug|Any CPU
		{5AD0A739-A822-4096-88B7-40A701EC94F5}.Debug|Any CPU.Build.0 = Debug|Any CPU
		{5AD0A739-A822-4096-88B7-40A701EC94F5}.Release|Any CPU.ActiveCfg = Release|Any CPU
		{5AD0A739-A822-4096-88B7-40A701EC94F5}.Release|Any CPU.Build.0 = Release|Any CPU
		{719D5F48-B194-445D-8E5B-6590A499F3B9}.Debug|Any CPU.ActiveCfg = Debug|Any CPU
		{719D5F48-B194-445D-8E5B-6590A499F3B9}.Debug|Any CPU.Build.0 = Debug|Any CPU
		{719D5F48-B194-445D-8E5B-6590A499F3B9}.Release|Any CPU.ActiveCfg = Release|Any CPU
		{719D5F48-B194-445D-8E5B-6590A499F3B9}.Release|Any CPU.Build.0 = Release|Any CPU
		{3DEC5FD8-E026-4D58-A688-21CED13DC09D}.Debug|Any CPU.ActiveCfg = Debug|Any CPU
		{3DEC5FD8-E026-4D58-A688-21CED13DC09D}.Debug|Any CPU.Build.0 = Debug|Any CPU
		{3DEC5FD8-E026-4D58-A688-21CED13DC09D}.Release|Any CPU.ActiveCfg = Release|Any CPU
		{3DEC5FD8-E026-4D58-A688-21CED13DC09D}.Release|Any CPU.Build.0 = Release|Any CPU
		{71718C81-146D-4248-98CF-27902EBF1F36}.Debug|Any CPU.ActiveCfg = Debug|Any CPU
		{71718C81-146D-4248-98CF-27902EBF1F36}.Debug|Any CPU.Build.0 = Debug|Any CPU
		{71718C81-146D-4248-98CF-27902EBF1F36}.Release|Any CPU.ActiveCfg = Release|Any CPU
		{71718C81-146D-4248-98CF-27902EBF1F36}.Release|Any CPU.Build.0 = Release|Any CPU
		{F01E9B96-CA46-4E0A-9F37-3BCCF4C9B355}.Debug|Any CPU.ActiveCfg = Debug|Any CPU
		{F01E9B96-CA46-4E0A-9F37-3BCCF4C9B355}.Debug|Any CPU.Build.0 = Debug|Any CPU
		{F01E9B96-CA46-4E0A-9F37-3BCCF4C9B355}.Release|Any CPU.ActiveCfg = Release|Any CPU
		{F01E9B96-CA46-4E0A-9F37-3BCCF4C9B355}.Release|Any CPU.Build.0 = Release|Any CPU
		{F079866D-6AA6-432A-B9FB-9935889CD661}.Debug|Any CPU.ActiveCfg = Debug|Any CPU
		{F079866D-6AA6-432A-B9FB-9935889CD661}.Debug|Any CPU.Build.0 = Debug|Any CPU
		{F079866D-6AA6-432A-B9FB-9935889CD661}.Release|Any CPU.ActiveCfg = Release|Any CPU
		{F079866D-6AA6-432A-B9FB-9935889CD661}.Release|Any CPU.Build.0 = Release|Any CPU
		{B1F8E682-AB4D-4EEF-AC97-EF6183A25BE6}.Debug|Any CPU.ActiveCfg = Debug|Any CPU
		{B1F8E682-AB4D-4EEF-AC97-EF6183A25BE6}.Debug|Any CPU.Build.0 = Debug|Any CPU
		{B1F8E682-AB4D-4EEF-AC97-EF6183A25BE6}.Release|Any CPU.ActiveCfg = Release|Any CPU
		{B1F8E682-AB4D-4EEF-AC97-EF6183A25BE6}.Release|Any CPU.Build.0 = Release|Any CPU
		{C69FAD89-D66E-4996-876A-E346BCBD3546}.Debug|Any CPU.ActiveCfg = Debug|Any CPU
		{C69FAD89-D66E-4996-876A-E346BCBD3546}.Debug|Any CPU.Build.0 = Debug|Any CPU
		{C69FAD89-D66E-4996-876A-E346BCBD3546}.Release|Any CPU.ActiveCfg = Release|Any CPU
		{C69FAD89-D66E-4996-876A-E346BCBD3546}.Release|Any CPU.Build.0 = Release|Any CPU
		{D936FE85-7E27-4F08-BC07-B793585B719E}.Debug|Any CPU.ActiveCfg = Debug|Any CPU
		{D936FE85-7E27-4F08-BC07-B793585B719E}.Debug|Any CPU.Build.0 = Debug|Any CPU
		{D936FE85-7E27-4F08-BC07-B793585B719E}.Release|Any CPU.ActiveCfg = Release|Any CPU
		{D936FE85-7E27-4F08-BC07-B793585B719E}.Release|Any CPU.Build.0 = Release|Any CPU
		{BA2A874E-9C7D-4935-9C36-306B126A8C07}.Debug|Any CPU.ActiveCfg = Debug|Any CPU
		{BA2A874E-9C7D-4935-9C36-306B126A8C07}.Debug|Any CPU.Build.0 = Debug|Any CPU
		{BA2A874E-9C7D-4935-9C36-306B126A8C07}.Release|Any CPU.ActiveCfg = Release|Any CPU
		{BA2A874E-9C7D-4935-9C36-306B126A8C07}.Release|Any CPU.Build.0 = Release|Any CPU
		{409E0C87-844C-41E1-A837-FC4C88B3F20F}.Debug|Any CPU.ActiveCfg = Debug|Any CPU
		{409E0C87-844C-41E1-A837-FC4C88B3F20F}.Debug|Any CPU.Build.0 = Debug|Any CPU
		{409E0C87-844C-41E1-A837-FC4C88B3F20F}.Release|Any CPU.ActiveCfg = Release|Any CPU
		{409E0C87-844C-41E1-A837-FC4C88B3F20F}.Release|Any CPU.Build.0 = Release|Any CPU
		{563D8817-7ACB-4703-8147-29684E0DA506}.Debug|Any CPU.ActiveCfg = Debug|Any CPU
		{563D8817-7ACB-4703-8147-29684E0DA506}.Debug|Any CPU.Build.0 = Debug|Any CPU
		{563D8817-7ACB-4703-8147-29684E0DA506}.Release|Any CPU.ActiveCfg = Release|Any CPU
		{563D8817-7ACB-4703-8147-29684E0DA506}.Release|Any CPU.Build.0 = Release|Any CPU
		{4E1E0290-440E-4E08-807D-8BAC46B9D4FB}.Debug|Any CPU.ActiveCfg = Debug|Any CPU
		{4E1E0290-440E-4E08-807D-8BAC46B9D4FB}.Debug|Any CPU.Build.0 = Debug|Any CPU
		{4E1E0290-440E-4E08-807D-8BAC46B9D4FB}.Release|Any CPU.ActiveCfg = Release|Any CPU
		{4E1E0290-440E-4E08-807D-8BAC46B9D4FB}.Release|Any CPU.Build.0 = Release|Any CPU
		{D09D15ED-0B43-41D0-A6F9-9C5A8A35C677}.Debug|Any CPU.ActiveCfg = Debug|Any CPU
		{D09D15ED-0B43-41D0-A6F9-9C5A8A35C677}.Debug|Any CPU.Build.0 = Debug|Any CPU
		{D09D15ED-0B43-41D0-A6F9-9C5A8A35C677}.Release|Any CPU.ActiveCfg = Release|Any CPU
		{D09D15ED-0B43-41D0-A6F9-9C5A8A35C677}.Release|Any CPU.Build.0 = Release|Any CPU
		{863400AF-A113-4CE1-9C56-92E5FCD6735B}.Debug|Any CPU.ActiveCfg = Debug|Any CPU
		{863400AF-A113-4CE1-9C56-92E5FCD6735B}.Debug|Any CPU.Build.0 = Debug|Any CPU
		{863400AF-A113-4CE1-9C56-92E5FCD6735B}.Release|Any CPU.ActiveCfg = Release|Any CPU
		{863400AF-A113-4CE1-9C56-92E5FCD6735B}.Release|Any CPU.Build.0 = Release|Any CPU
		{2C237752-385F-4877-A689-9F9A2D5EDCE4}.Debug|Any CPU.ActiveCfg = Debug|Any CPU
		{2C237752-385F-4877-A689-9F9A2D5EDCE4}.Debug|Any CPU.Build.0 = Debug|Any CPU
		{2C237752-385F-4877-A689-9F9A2D5EDCE4}.Release|Any CPU.ActiveCfg = Release|Any CPU
		{2C237752-385F-4877-A689-9F9A2D5EDCE4}.Release|Any CPU.Build.0 = Release|Any CPU
		{5527547C-24B7-409D-99B0-7B8A595965E2}.Debug|Any CPU.ActiveCfg = Debug|Any CPU
		{5527547C-24B7-409D-99B0-7B8A595965E2}.Debug|Any CPU.Build.0 = Debug|Any CPU
		{5527547C-24B7-409D-99B0-7B8A595965E2}.Release|Any CPU.ActiveCfg = Release|Any CPU
		{5527547C-24B7-409D-99B0-7B8A595965E2}.Release|Any CPU.Build.0 = Release|Any CPU
		{E21B1A93-786E-41B2-8F50-C5C6EB9312E3}.Debug|Any CPU.ActiveCfg = Debug|Any CPU
		{E21B1A93-786E-41B2-8F50-C5C6EB9312E3}.Debug|Any CPU.Build.0 = Debug|Any CPU
		{E21B1A93-786E-41B2-8F50-C5C6EB9312E3}.Release|Any CPU.ActiveCfg = Release|Any CPU
		{E21B1A93-786E-41B2-8F50-C5C6EB9312E3}.Release|Any CPU.Build.0 = Release|Any CPU
		{E38DFF80-ABE0-4701-B198-6E9888E5E847}.Debug|Any CPU.ActiveCfg = Debug|Any CPU
		{E38DFF80-ABE0-4701-B198-6E9888E5E847}.Debug|Any CPU.Build.0 = Debug|Any CPU
		{E38DFF80-ABE0-4701-B198-6E9888E5E847}.Release|Any CPU.ActiveCfg = Release|Any CPU
		{E38DFF80-ABE0-4701-B198-6E9888E5E847}.Release|Any CPU.Build.0 = Release|Any CPU
		{78194D02-7E3B-4890-8C1C-A6EA106567DB}.Debug|Any CPU.ActiveCfg = Debug|Any CPU
		{78194D02-7E3B-4890-8C1C-A6EA106567DB}.Debug|Any CPU.Build.0 = Debug|Any CPU
		{78194D02-7E3B-4890-8C1C-A6EA106567DB}.Release|Any CPU.ActiveCfg = Release|Any CPU
		{78194D02-7E3B-4890-8C1C-A6EA106567DB}.Release|Any CPU.Build.0 = Release|Any CPU
		{7F456EA1-67D8-4A99-B24C-760671DDA847}.Debug|Any CPU.ActiveCfg = Debug|Any CPU
		{7F456EA1-67D8-4A99-B24C-760671DDA847}.Debug|Any CPU.Build.0 = Debug|Any CPU
		{7F456EA1-67D8-4A99-B24C-760671DDA847}.Release|Any CPU.ActiveCfg = Release|Any CPU
		{7F456EA1-67D8-4A99-B24C-760671DDA847}.Release|Any CPU.Build.0 = Release|Any CPU
		{70F85E1F-CDE2-49AE-B162-E338197931F9}.Debug|Any CPU.ActiveCfg = Debug|Any CPU
		{70F85E1F-CDE2-49AE-B162-E338197931F9}.Debug|Any CPU.Build.0 = Debug|Any CPU
		{70F85E1F-CDE2-49AE-B162-E338197931F9}.Release|Any CPU.ActiveCfg = Release|Any CPU
		{70F85E1F-CDE2-49AE-B162-E338197931F9}.Release|Any CPU.Build.0 = Release|Any CPU
		{58113942-4E89-48F6-A365-ADEAF324BDB4}.Debug|Any CPU.ActiveCfg = Debug|Any CPU
		{58113942-4E89-48F6-A365-ADEAF324BDB4}.Debug|Any CPU.Build.0 = Debug|Any CPU
		{58113942-4E89-48F6-A365-ADEAF324BDB4}.Release|Any CPU.ActiveCfg = Release|Any CPU
		{58113942-4E89-48F6-A365-ADEAF324BDB4}.Release|Any CPU.Build.0 = Release|Any CPU
		{1CBD366B-5DBC-43CA-98B0-EEA639F16D6A}.Debug|Any CPU.ActiveCfg = Debug|Any CPU
		{1CBD366B-5DBC-43CA-98B0-EEA639F16D6A}.Debug|Any CPU.Build.0 = Debug|Any CPU
		{1CBD366B-5DBC-43CA-98B0-EEA639F16D6A}.Release|Any CPU.ActiveCfg = Release|Any CPU
		{1CBD366B-5DBC-43CA-98B0-EEA639F16D6A}.Release|Any CPU.Build.0 = Release|Any CPU
		{D46056D2-2524-4010-8CFD-05E424625562}.Debug|Any CPU.ActiveCfg = Debug|Any CPU
		{D46056D2-2524-4010-8CFD-05E424625562}.Debug|Any CPU.Build.0 = Debug|Any CPU
		{D46056D2-2524-4010-8CFD-05E424625562}.Release|Any CPU.ActiveCfg = Release|Any CPU
		{D46056D2-2524-4010-8CFD-05E424625562}.Release|Any CPU.Build.0 = Release|Any CPU
		{E05C3E6C-93FD-4FAC-BF83-EDAF1D1B6D8E}.Debug|Any CPU.ActiveCfg = Debug|Any CPU
		{E05C3E6C-93FD-4FAC-BF83-EDAF1D1B6D8E}.Debug|Any CPU.Build.0 = Debug|Any CPU
		{E05C3E6C-93FD-4FAC-BF83-EDAF1D1B6D8E}.Release|Any CPU.ActiveCfg = Release|Any CPU
		{E05C3E6C-93FD-4FAC-BF83-EDAF1D1B6D8E}.Release|Any CPU.Build.0 = Release|Any CPU
	EndGlobalSection
	GlobalSection(SolutionProperties) = preSolution
		HideSolutionNode = FALSE
	EndGlobalSection
	GlobalSection(NestedProjects) = preSolution
		{8EDF4429-251A-416D-BB68-93F227191BCF} = {C9258F12-9DC9-471E-BD9E-36A4D093720B}
		{0D2DD20E-7405-4DD0-B32F-877B508DCC80} = {C9258F12-9DC9-471E-BD9E-36A4D093720B}
		{E4B0D242-CC93-41AF-91F9-936D76071F22} = {38D19787-27AD-414C-ADB4-E7251358BA85}
		{ED44669E-0C24-4161-A3FA-F9F6C8030009} = {C9258F12-9DC9-471E-BD9E-36A4D093720B}
		{4389B305-B381-4B50-B1A8-BBB5259A0524} = {C41EB4FF-B636-47A4-82D2-2A4E4CF56CDA}
		{14A13CBD-156B-475A-A95D-ADBC9CBB5226} = {C9258F12-9DC9-471E-BD9E-36A4D093720B}
		{446FC7DD-25AC-43B9-A616-91B4B8621509} = {C9258F12-9DC9-471E-BD9E-36A4D093720B}
		{944B12E2-8A35-4470-9219-54CCE3278E3A} = {C41EB4FF-B636-47A4-82D2-2A4E4CF56CDA}
		{A0DD90E7-2B24-429F-A42B-3D0FD6996480} = {C41EB4FF-B636-47A4-82D2-2A4E4CF56CDA}
		{44BF101C-249E-4480-8F8B-A3060FAD34C6} = {347396DF-0E08-4235-A020-1884CFB00C0B}
		{E0AE26C0-2138-4DFD-A8F1-E84774B25340} = {C9258F12-9DC9-471E-BD9E-36A4D093720B}
		{ABAC6196-F657-4873-BC09-31ABAC2C1373} = {C9258F12-9DC9-471E-BD9E-36A4D093720B}
		{434EEA1D-7956-4D88-AE31-60C8151DC7B9} = {C41EB4FF-B636-47A4-82D2-2A4E4CF56CDA}
		{D4EB7996-C9DA-463E-8C89-261263E61B13} = {C41EB4FF-B636-47A4-82D2-2A4E4CF56CDA}
		{5AD0A739-A822-4096-88B7-40A701EC94F5} = {C9258F12-9DC9-471E-BD9E-36A4D093720B}
		{719D5F48-B194-445D-8E5B-6590A499F3B9} = {C9258F12-9DC9-471E-BD9E-36A4D093720B}
		{3DEC5FD8-E026-4D58-A688-21CED13DC09D} = {C41EB4FF-B636-47A4-82D2-2A4E4CF56CDA}
		{71718C81-146D-4248-98CF-27902EBF1F36} = {C41EB4FF-B636-47A4-82D2-2A4E4CF56CDA}
		{F079866D-6AA6-432A-B9FB-9935889CD661} = {C41EB4FF-B636-47A4-82D2-2A4E4CF56CDA}
		{B1F8E682-AB4D-4EEF-AC97-EF6183A25BE6} = {38D19787-27AD-414C-ADB4-E7251358BA85}
		{D936FE85-7E27-4F08-BC07-B793585B719E} = {C9258F12-9DC9-471E-BD9E-36A4D093720B}
		{D09D15ED-0B43-41D0-A6F9-9C5A8A35C677} = {C9258F12-9DC9-471E-BD9E-36A4D093720B}
		{863400AF-A113-4CE1-9C56-92E5FCD6735B} = {C9258F12-9DC9-471E-BD9E-36A4D093720B}
		{2C237752-385F-4877-A689-9F9A2D5EDCE4} = {C41EB4FF-B636-47A4-82D2-2A4E4CF56CDA}
		{5527547C-24B7-409D-99B0-7B8A595965E2} = {C41EB4FF-B636-47A4-82D2-2A4E4CF56CDA}
		{E21B1A93-786E-41B2-8F50-C5C6EB9312E3} = {C9258F12-9DC9-471E-BD9E-36A4D093720B}
		{E38DFF80-ABE0-4701-B198-6E9888E5E847} = {C41EB4FF-B636-47A4-82D2-2A4E4CF56CDA}
		{C3F94555-B12C-4F3F-A6AC-A9685253E273} = {C41EB4FF-B636-47A4-82D2-2A4E4CF56CDA}
		{7F456EA1-67D8-4A99-B24C-760671DDA847} = {C3F94555-B12C-4F3F-A6AC-A9685253E273}
		{70F85E1F-CDE2-49AE-B162-E338197931F9} = {C3F94555-B12C-4F3F-A6AC-A9685253E273}
		{58113942-4E89-48F6-A365-ADEAF324BDB4} = {C3F94555-B12C-4F3F-A6AC-A9685253E273}
		{1CBD366B-5DBC-43CA-98B0-EEA639F16D6A} = {C41EB4FF-B636-47A4-82D2-2A4E4CF56CDA}
		{D46056D2-2524-4010-8CFD-05E424625562} = {38D19787-27AD-414C-ADB4-E7251358BA85}
		{E05C3E6C-93FD-4FAC-BF83-EDAF1D1B6D8E} = {C9258F12-9DC9-471E-BD9E-36A4D093720B}
	EndGlobalSection
EndGlobal
