
Microsoft Visual Studio Solution File, Format Version 12.00
# Visual Studio 14
VisualStudioVersion = 14.0.25420.1
MinimumVisualStudioVersion = 10.0.40219.1
Project("{FAE04EC0-301F-11D3-BF4B-00C04F79EFBC}") = "DMFX.FilingInterfaces", "DMFX.Interfaces\DMFX.FilingInterfaces.csproj", "{5E07195D-5203-4468-9B6E-9385E9BAE692}"
EndProject
Project("{FAE04EC0-301F-11D3-BF4B-00C04F79EFBC}") = "DMFX.SECParsers", "DMFX.SECParser\DMFX.SECParsers.csproj", "{1BD5D8AC-BA4F-4D76-9C49-31671FB13E8B}"
EndProject
Project("{2150E333-8FDC-42A3-9474-1A3956D46DE8}") = "Tests", "Tests", "{C9258F12-9DC9-471E-BD9E-36A4D093720B}"
EndProject
Project("{FAE04EC0-301F-11D3-BF4B-00C04F79EFBC}") = "DMFX.Test.SECParsers", "Tests\DMFX.Test.SECParsers\DMFX.Test.SECParsers.csproj", "{8EDF4429-251A-416D-BB68-93F227191BCF}"
EndProject
Project("{FAE04EC0-301F-11D3-BF4B-00C04F79EFBC}") = "ConsoleTestDBConnect", "Tests\ConsoleTestDBConnect\ConsoleTestDBConnect.csproj", "{0D2DD20E-7405-4DD0-B32F-877B508DCC80}"
EndProject
Project("{2150E333-8FDC-42A3-9474-1A3956D46DE8}") = "SourcingAPI", "SourcingAPI", "{38D19787-27AD-414C-ADB4-E7251358BA85}"
EndProject
Project("{FAE04EC0-301F-11D3-BF4B-00C04F79EFBC}") = "DMFX.SEC.Api", "SourcingAPI\DMFX.SEC.Api\DMFX.SEC.Api.csproj", "{E4B0D242-CC93-41AF-91F9-936D76071F22}"
EndProject
Project("{FAE04EC0-301F-11D3-BF4B-00C04F79EFBC}") = "DMFX.Test.SECApi", "Tests\MDFX.Test.SECApi\DMFX.Test.SECApi.csproj", "{ED44669E-0C24-4161-A3FA-F9F6C8030009}"
EndProject
Project("{2150E333-8FDC-42A3-9474-1A3956D46DE8}") = "Services", "Services", "{C41EB4FF-B636-47A4-82D2-2A4E4CF56CDA}"
EndProject
Project("{FAE04EC0-301F-11D3-BF4B-00C04F79EFBC}") = "DMFX.Service.Sourcing", "Services\DMFX.Service.Sourcing\DMFX.Service.Sourcing.csproj", "{4389B305-B381-4B50-B1A8-BBB5259A0524}"
EndProject
Project("{FAE04EC0-301F-11D3-BF4B-00C04F79EFBC}") = "DMFX.Source.SEC", "DMFX.Source.SEC\DMFX.Source.SEC.csproj", "{EF65FF57-5C1B-4E3B-95BA-6DF1891E1A1F}"
EndProject
Project("{FAE04EC0-301F-11D3-BF4B-00C04F79EFBC}") = "DMFX.Dictionaries", "FileDictionary\DMFX.Dictionaries.csproj", "{5D57122D-1DA7-482D-8F5F-4F5B5D96108F}"
EndProject
Project("{FAE04EC0-301F-11D3-BF4B-00C04F79EFBC}") = "DMFX.Test.Dictionaries", "Tests\DMFX.Test.Dictionaries\DMFX.Test.Dictionaries.csproj", "{14A13CBD-156B-475A-A95D-ADBC9CBB5226}"
EndProject
Project("{FAE04EC0-301F-11D3-BF4B-00C04F79EFBC}") = "DMFX.Test.Sources", "Tests\DMFX.Test.Sources\DMFX.Test.Sources.csproj", "{446FC7DD-25AC-43B9-A616-91B4B8621509}"
EndProject
Project("{FAE04EC0-301F-11D3-BF4B-00C04F79EFBC}") = "DMFX.Service.DTO", "Services\DMFX.Service.DTO\DMFX.Service.DTO.csproj", "{944B12E2-8A35-4470-9219-54CCE3278E3A}"
EndProject
Project("{FAE04EC0-301F-11D3-BF4B-00C04F79EFBC}") = "DMFX.DALDatabase", "DMFX.DALDatabase\DMFX.DALDatabase.csproj", "{B13AA6DA-C166-4B0A-84DE-63D41172DD88}"
EndProject
Project("{FAE04EC0-301F-11D3-BF4B-00C04F79EFBC}") = "DMFX.Service.Filings", "Services\DMFX.Service.Filings\DMFX.Service.Filings.csproj", "{A0DD90E7-2B24-429F-A42B-3D0FD6996480}"
EndProject
Global
	GlobalSection(SolutionConfigurationPlatforms) = preSolution
		Debug|Any CPU = Debug|Any CPU
		Release|Any CPU = Release|Any CPU
	EndGlobalSection
	GlobalSection(ProjectConfigurationPlatforms) = postSolution
		{5E07195D-5203-4468-9B6E-9385E9BAE692}.Debug|Any CPU.ActiveCfg = Debug|Any CPU
		{5E07195D-5203-4468-9B6E-9385E9BAE692}.Debug|Any CPU.Build.0 = Debug|Any CPU
		{5E07195D-5203-4468-9B6E-9385E9BAE692}.Release|Any CPU.ActiveCfg = Release|Any CPU
		{5E07195D-5203-4468-9B6E-9385E9BAE692}.Release|Any CPU.Build.0 = Release|Any CPU
		{1BD5D8AC-BA4F-4D76-9C49-31671FB13E8B}.Debug|Any CPU.ActiveCfg = Debug|Any CPU
		{1BD5D8AC-BA4F-4D76-9C49-31671FB13E8B}.Debug|Any CPU.Build.0 = Debug|Any CPU
		{1BD5D8AC-BA4F-4D76-9C49-31671FB13E8B}.Release|Any CPU.ActiveCfg = Release|Any CPU
		{1BD5D8AC-BA4F-4D76-9C49-31671FB13E8B}.Release|Any CPU.Build.0 = Release|Any CPU
		{8EDF4429-251A-416D-BB68-93F227191BCF}.Debug|Any CPU.ActiveCfg = Debug|Any CPU
		{8EDF4429-251A-416D-BB68-93F227191BCF}.Debug|Any CPU.Build.0 = Debug|Any CPU
		{8EDF4429-251A-416D-BB68-93F227191BCF}.Release|Any CPU.ActiveCfg = Release|Any CPU
		{8EDF4429-251A-416D-BB68-93F227191BCF}.Release|Any CPU.Build.0 = Release|Any CPU
		{0D2DD20E-7405-4DD0-B32F-877B508DCC80}.Debug|Any CPU.ActiveCfg = Debug|Any CPU
		{0D2DD20E-7405-4DD0-B32F-877B508DCC80}.Debug|Any CPU.Build.0 = Debug|Any CPU
		{0D2DD20E-7405-4DD0-B32F-877B508DCC80}.Release|Any CPU.ActiveCfg = Release|Any CPU
		{0D2DD20E-7405-4DD0-B32F-877B508DCC80}.Release|Any CPU.Build.0 = Release|Any CPU
		{E4B0D242-CC93-41AF-91F9-936D76071F22}.Debug|Any CPU.ActiveCfg = Debug|Any CPU
		{E4B0D242-CC93-41AF-91F9-936D76071F22}.Debug|Any CPU.Build.0 = Debug|Any CPU
		{E4B0D242-CC93-41AF-91F9-936D76071F22}.Release|Any CPU.ActiveCfg = Release|Any CPU
		{E4B0D242-CC93-41AF-91F9-936D76071F22}.Release|Any CPU.Build.0 = Release|Any CPU
		{ED44669E-0C24-4161-A3FA-F9F6C8030009}.Debug|Any CPU.ActiveCfg = Debug|Any CPU
		{ED44669E-0C24-4161-A3FA-F9F6C8030009}.Debug|Any CPU.Build.0 = Debug|Any CPU
		{ED44669E-0C24-4161-A3FA-F9F6C8030009}.Release|Any CPU.ActiveCfg = Release|Any CPU
		{ED44669E-0C24-4161-A3FA-F9F6C8030009}.Release|Any CPU.Build.0 = Release|Any CPU
		{4389B305-B381-4B50-B1A8-BBB5259A0524}.Debug|Any CPU.ActiveCfg = Debug|Any CPU
		{4389B305-B381-4B50-B1A8-BBB5259A0524}.Debug|Any CPU.Build.0 = Debug|Any CPU
		{4389B305-B381-4B50-B1A8-BBB5259A0524}.Release|Any CPU.ActiveCfg = Release|Any CPU
		{4389B305-B381-4B50-B1A8-BBB5259A0524}.Release|Any CPU.Build.0 = Release|Any CPU
		{EF65FF57-5C1B-4E3B-95BA-6DF1891E1A1F}.Debug|Any CPU.ActiveCfg = Debug|Any CPU
		{EF65FF57-5C1B-4E3B-95BA-6DF1891E1A1F}.Debug|Any CPU.Build.0 = Debug|Any CPU
		{EF65FF57-5C1B-4E3B-95BA-6DF1891E1A1F}.Release|Any CPU.ActiveCfg = Release|Any CPU
		{EF65FF57-5C1B-4E3B-95BA-6DF1891E1A1F}.Release|Any CPU.Build.0 = Release|Any CPU
		{5D57122D-1DA7-482D-8F5F-4F5B5D96108F}.Debug|Any CPU.ActiveCfg = Debug|Any CPU
		{5D57122D-1DA7-482D-8F5F-4F5B5D96108F}.Debug|Any CPU.Build.0 = Debug|Any CPU
		{5D57122D-1DA7-482D-8F5F-4F5B5D96108F}.Release|Any CPU.ActiveCfg = Release|Any CPU
		{5D57122D-1DA7-482D-8F5F-4F5B5D96108F}.Release|Any CPU.Build.0 = Release|Any CPU
		{14A13CBD-156B-475A-A95D-ADBC9CBB5226}.Debug|Any CPU.ActiveCfg = Debug|Any CPU
		{14A13CBD-156B-475A-A95D-ADBC9CBB5226}.Debug|Any CPU.Build.0 = Debug|Any CPU
		{14A13CBD-156B-475A-A95D-ADBC9CBB5226}.Release|Any CPU.ActiveCfg = Release|Any CPU
		{14A13CBD-156B-475A-A95D-ADBC9CBB5226}.Release|Any CPU.Build.0 = Release|Any CPU
		{446FC7DD-25AC-43B9-A616-91B4B8621509}.Debug|Any CPU.ActiveCfg = Debug|Any CPU
		{446FC7DD-25AC-43B9-A616-91B4B8621509}.Debug|Any CPU.Build.0 = Debug|Any CPU
		{446FC7DD-25AC-43B9-A616-91B4B8621509}.Release|Any CPU.ActiveCfg = Release|Any CPU
		{446FC7DD-25AC-43B9-A616-91B4B8621509}.Release|Any CPU.Build.0 = Release|Any CPU
		{944B12E2-8A35-4470-9219-54CCE3278E3A}.Debug|Any CPU.ActiveCfg = Debug|Any CPU
		{944B12E2-8A35-4470-9219-54CCE3278E3A}.Debug|Any CPU.Build.0 = Debug|Any CPU
		{944B12E2-8A35-4470-9219-54CCE3278E3A}.Release|Any CPU.ActiveCfg = Release|Any CPU
		{944B12E2-8A35-4470-9219-54CCE3278E3A}.Release|Any CPU.Build.0 = Release|Any CPU
		{B13AA6DA-C166-4B0A-84DE-63D41172DD88}.Debug|Any CPU.ActiveCfg = Debug|Any CPU
		{B13AA6DA-C166-4B0A-84DE-63D41172DD88}.Debug|Any CPU.Build.0 = Debug|Any CPU
		{B13AA6DA-C166-4B0A-84DE-63D41172DD88}.Release|Any CPU.ActiveCfg = Release|Any CPU
		{B13AA6DA-C166-4B0A-84DE-63D41172DD88}.Release|Any CPU.Build.0 = Release|Any CPU
		{A0DD90E7-2B24-429F-A42B-3D0FD6996480}.Debug|Any CPU.ActiveCfg = Debug|Any CPU
		{A0DD90E7-2B24-429F-A42B-3D0FD6996480}.Debug|Any CPU.Build.0 = Debug|Any CPU
		{A0DD90E7-2B24-429F-A42B-3D0FD6996480}.Release|Any CPU.ActiveCfg = Release|Any CPU
		{A0DD90E7-2B24-429F-A42B-3D0FD6996480}.Release|Any CPU.Build.0 = Release|Any CPU
	EndGlobalSection
	GlobalSection(SolutionProperties) = preSolution
		HideSolutionNode = FALSE
	EndGlobalSection
	GlobalSection(NestedProjects) = preSolution
		{8EDF4429-251A-416D-BB68-93F227191BCF} = {C9258F12-9DC9-471E-BD9E-36A4D093720B}
		{0D2DD20E-7405-4DD0-B32F-877B508DCC80} = {C9258F12-9DC9-471E-BD9E-36A4D093720B}
		{E4B0D242-CC93-41AF-91F9-936D76071F22} = {38D19787-27AD-414C-ADB4-E7251358BA85}
		{ED44669E-0C24-4161-A3FA-F9F6C8030009} = {C9258F12-9DC9-471E-BD9E-36A4D093720B}
		{4389B305-B381-4B50-B1A8-BBB5259A0524} = {C41EB4FF-B636-47A4-82D2-2A4E4CF56CDA}
		{14A13CBD-156B-475A-A95D-ADBC9CBB5226} = {C9258F12-9DC9-471E-BD9E-36A4D093720B}
		{446FC7DD-25AC-43B9-A616-91B4B8621509} = {C9258F12-9DC9-471E-BD9E-36A4D093720B}
		{944B12E2-8A35-4470-9219-54CCE3278E3A} = {C41EB4FF-B636-47A4-82D2-2A4E4CF56CDA}
		{A0DD90E7-2B24-429F-A42B-3D0FD6996480} = {C41EB4FF-B636-47A4-82D2-2A4E4CF56CDA}
	EndGlobalSection
EndGlobal
