
Microsoft Visual Studio Solution File, Format Version 12.00
# Visual Studio Version 16
VisualStudioVersion = 16.0.29326.143
MinimumVisualStudioVersion = 10.0.40219.1
Project("{FAE04EC0-301F-11D3-BF4B-00C04F79EFBC}") = "DMFX.FilingInterfaces", "DMFX.Interfaces\DMFX.FilingInterfaces.csproj", "{5E07195D-5203-4468-9B6E-9385E9BAE692}"
EndProject
Project("{FAE04EC0-301F-11D3-BF4B-00C04F79EFBC}") = "DMFX.SECParsers", "DMFX.SECParser\DMFX.SECParsers.csproj", "{1BD5D8AC-BA4F-4D76-9C49-31671FB13E8B}"
EndProject
Project("{2150E333-8FDC-42A3-9474-1A3956D46DE8}") = "Tests", "Tests", "{C9258F12-9DC9-471E-BD9E-36A4D093720B}"
EndProject
Project("{FAE04EC0-301F-11D3-BF4B-00C04F79EFBC}") = "DMFX.Test.SECParsers", "Tests\DMFX.Test.SECParsers\DMFX.Test.SECParsers.csproj", "{8EDF4429-251A-416D-BB68-93F227191BCF}"
EndProject
Project("{FAE04EC0-301F-11D3-BF4B-00C04F79EFBC}") = "ConsoleTestDBConnect", "Tests\ConsoleTestDBConnect\ConsoleTestDBConnect.csproj", "{0D2DD20E-7405-4DD0-B32F-877B508DCC80}"
EndProject
Project("{2150E333-8FDC-42A3-9474-1A3956D46DE8}") = "SourcingAPI", "SourcingAPI", "{38D19787-27AD-414C-ADB4-E7251358BA85}"
EndProject
Project("{FAE04EC0-301F-11D3-BF4B-00C04F79EFBC}") = "DMFX.SEC.Api", "SourcingAPI\DMFX.SEC.Api\DMFX.SEC.Api.csproj", "{E4B0D242-CC93-41AF-91F9-936D76071F22}"
EndProject
Project("{FAE04EC0-301F-11D3-BF4B-00C04F79EFBC}") = "DMFX.Test.SECApi", "Tests\MDFX.Test.SECApi\DMFX.Test.SECApi.csproj", "{ED44669E-0C24-4161-A3FA-F9F6C8030009}"
EndProject
Project("{2150E333-8FDC-42A3-9474-1A3956D46DE8}") = "Services", "Services", "{C41EB4FF-B636-47A4-82D2-2A4E4CF56CDA}"
EndProject
Project("{FAE04EC0-301F-11D3-BF4B-00C04F79EFBC}") = "DMFX.Source.SEC", "DMFX.Source.SEC\DMFX.Source.SEC.csproj", "{EF65FF57-5C1B-4E3B-95BA-6DF1891E1A1F}"
EndProject
Project("{FAE04EC0-301F-11D3-BF4B-00C04F79EFBC}") = "DMFX.Dictionaries", "FileDictionary\DMFX.Dictionaries.csproj", "{5D57122D-1DA7-482D-8F5F-4F5B5D96108F}"
EndProject
Project("{FAE04EC0-301F-11D3-BF4B-00C04F79EFBC}") = "DMFX.Test.Dictionaries", "Tests\DMFX.Test.Dictionaries\DMFX.Test.Dictionaries.csproj", "{14A13CBD-156B-475A-A95D-ADBC9CBB5226}"
EndProject
Project("{FAE04EC0-301F-11D3-BF4B-00C04F79EFBC}") = "DMFX.Test.Sources", "Tests\DMFX.Test.Sources\DMFX.Test.Sources.csproj", "{446FC7DD-25AC-43B9-A616-91B4B8621509}"
EndProject
Project("{FAE04EC0-301F-11D3-BF4B-00C04F79EFBC}") = "DMFX.Service.DTO", "Services\DMFX.Service.DTO\DMFX.Service.DTO.csproj", "{944B12E2-8A35-4470-9219-54CCE3278E3A}"
EndProject
Project("{FAE04EC0-301F-11D3-BF4B-00C04F79EFBC}") = "DMFX.DALDatabase", "DMFX.DALDatabase\DMFX.DALDatabase.csproj", "{B13AA6DA-C166-4B0A-84DE-63D41172DD88}"
EndProject
Project("{2150E333-8FDC-42A3-9474-1A3956D46DE8}") = "Utils", "Utils", "{347396DF-0E08-4235-A020-1884CFB00C0B}"
EndProject
Project("{FAE04EC0-301F-11D3-BF4B-00C04F79EFBC}") = "SECParsersGenerator", "Utils\SECParsersGenerator\SECParsersGenerator.csproj", "{44BF101C-249E-4480-8F8B-A3060FAD34C6}"
EndProject
Project("{FAE04EC0-301F-11D3-BF4B-00C04F79EFBC}") = "DMFX.Test.Service.Filings", "Tests\DMFX.Test.Service.Filings\DMFX.Test.Service.Filings.csproj", "{E0AE26C0-2138-4DFD-A8F1-E84774B25340}"
EndProject
Project("{FAE04EC0-301F-11D3-BF4B-00C04F79EFBC}") = "DMFX.Test.Service.Common", "Tests\DMFX.Test.Service.Common\DMFX.Test.Service.Common.csproj", "{ABAC6196-F657-4873-BC09-31ABAC2C1373}"
EndProject
Project("{FAE04EC0-301F-11D3-BF4B-00C04F79EFBC}") = "DMFX.Common.Interfaces", "DMFX.Common.Interfaces\DMFX.Common.Interfaces.csproj", "{C2C63729-B7C1-4A48-BA51-8C0B77786753}"
EndProject
Project("{FAE04EC0-301F-11D3-BF4B-00C04F79EFBC}") = "DMFX.Logging", "DMFX.Logging\DMFX.Logging.csproj", "{4D9AAF14-0FFB-49DF-B931-ECC8DCE51ADE}"
EndProject
Project("{FAE04EC0-301F-11D3-BF4B-00C04F79EFBC}") = "DMFX.Storage", "DMFX.Storage\DMFX.Storage.csproj", "{356237D0-0810-4E96-AF9B-94F52EF0106A}"
EndProject
Project("{FAE04EC0-301F-11D3-BF4B-00C04F79EFBC}") = "DMFX.Test.Service.Mail", "Tests\DMFX.Test.Service.Mail\DMFX.Test.Service.Mail.csproj", "{5AD0A739-A822-4096-88B7-40A701EC94F5}"
EndProject
Project("{FAE04EC0-301F-11D3-BF4B-00C04F79EFBC}") = "DMFX.Test.Service.Accounts", "Tests\DMFX.Test.Service.Accounts\DMFX.Test.Service.Accounts.csproj", "{719D5F48-B194-445D-8E5B-6590A499F3B9}"
EndProject
Project("{FAE04EC0-301F-11D3-BF4B-00C04F79EFBC}") = "DMFX.Service.Common", "Services\DMFX.Services.Common\DMFX.Service.Common.csproj", "{3DEC5FD8-E026-4D58-A688-21CED13DC09D}"
EndProject
Project("{2150E333-8FDC-42A3-9474-1A3956D46DE8}") = "Plugins-Out", "Plugins-Out", "{BAE2669B-9082-40E6-809D-BF8DEEFF2EC7}"
EndProject
Project("{FAE04EC0-301F-11D3-BF4B-00C04F79EFBC}") = "DMFX.PluginsBuildControl", "DMFX.PluginsBuildControl\DMFX.PluginsBuildControl.csproj", "{F01E9B96-CA46-4E0A-9F37-3BCCF4C9B355}"
	ProjectSection(ProjectDependencies) = postProject
		{4D9AAF14-0FFB-49DF-B931-ECC8DCE51ADE} = {4D9AAF14-0FFB-49DF-B931-ECC8DCE51ADE}
		{563D8817-7ACB-4703-8147-29684E0DA506} = {563D8817-7ACB-4703-8147-29684E0DA506}
		{5D57122D-1DA7-482D-8F5F-4F5B5D96108F} = {5D57122D-1DA7-482D-8F5F-4F5B5D96108F}
		{BA2A874E-9C7D-4935-9C36-306B126A8C07} = {BA2A874E-9C7D-4935-9C36-306B126A8C07}
		{EF65FF57-5C1B-4E3B-95BA-6DF1891E1A1F} = {EF65FF57-5C1B-4E3B-95BA-6DF1891E1A1F}
		{1BD5D8AC-BA4F-4D76-9C49-31671FB13E8B} = {1BD5D8AC-BA4F-4D76-9C49-31671FB13E8B}
		{356237D0-0810-4E96-AF9B-94F52EF0106A} = {356237D0-0810-4E96-AF9B-94F52EF0106A}
		{B13AA6DA-C166-4B0A-84DE-63D41172DD88} = {B13AA6DA-C166-4B0A-84DE-63D41172DD88}
	EndProjectSection
EndProject
Project("{FAE04EC0-301F-11D3-BF4B-00C04F79EFBC}") = "DMFX.Stooq.Api", "SourcingAPI\DMFX.Stooq.Api\DMFX.Stooq.Api.csproj", "{B1F8E682-AB4D-4EEF-AC97-EF6183A25BE6}"
EndProject
Project("{FAE04EC0-301F-11D3-BF4B-00C04F79EFBC}") = "DMFX.QuotesInterfaces", "DMFX.QuotesInterfaces\DMFX.QuotesInterfaces.csproj", "{C69FAD89-D66E-4996-876A-E346BCBD3546}"
EndProject
Project("{FAE04EC0-301F-11D3-BF4B-00C04F79EFBC}") = "DMFX.Test.StoopApi", "Tests\DMFX.Text.StoopApi\DMFX.Test.StoopApi.csproj", "{D936FE85-7E27-4F08-BC07-B793585B719E}"
EndProject
Project("{FAE04EC0-301F-11D3-BF4B-00C04F79EFBC}") = "DMFX.Source.Stooq", "DMFX.Source.Stooq\DMFX.Source.Stooq.csproj", "{BA2A874E-9C7D-4935-9C36-306B126A8C07}"
EndProject
Project("{FAE04EC0-301F-11D3-BF4B-00C04F79EFBC}") = "DMFX.PortfolioInterfaces", "DMFX.PortfolioInterfaces\DMFX.PortfolioInterfaces.csproj", "{409E0C87-844C-41E1-A837-FC4C88B3F20F}"
EndProject
Project("{FAE04EC0-301F-11D3-BF4B-00C04F79EFBC}") = "DMFX.Portfolio", "DMFX.Portfolio\DMFX.Portfolio.csproj", "{563D8817-7ACB-4703-8147-29684E0DA506}"
EndProject
Project("{FAE04EC0-301F-11D3-BF4B-00C04F79EFBC}") = "DMFX.QuotesDAL", "DMFX.QuotesDAL\DMFX.QuotesDAL.csproj", "{4E1E0290-440E-4E08-807D-8BAC46B9D4FB}"
EndProject
Project("{FAE04EC0-301F-11D3-BF4B-00C04F79EFBC}") = "DMFX.Test.QuotesDal", "Tests\DMFX.Test.QuotesDal\DMFX.Test.QuotesDal.csproj", "{D09D15ED-0B43-41D0-A6F9-9C5A8A35C677}"
EndProject
Project("{FAE04EC0-301F-11D3-BF4B-00C04F79EFBC}") = "DMFX.Test.Portfolio", "Tests\DMFX.Test.Portfolio\DMFX.Test.Portfolio.csproj", "{863400AF-A113-4CE1-9C56-92E5FCD6735B}"
EndProject
Project("{FAE04EC0-301F-11D3-BF4B-00C04F79EFBC}") = "DMFX.Test.Service.TimeSeries", "Tests\DMFX.Test.Service.Quotes\DMFX.Test.Service.TimeSeries.csproj", "{E21B1A93-786E-41B2-8F50-C5C6EB9312E3}"
EndProject
Project("{FAE04EC0-301F-11D3-BF4B-00C04F79EFBC}") = "DMFX.Source.CFTC", "DMFX.Source.CFTC\DMFX.Source.CFTC.csproj", "{78194D02-7E3B-4890-8C1C-A6EA106567DB}"
EndProject
Project("{2150E333-8FDC-42A3-9474-1A3956D46DE8}") = "Clients", "Clients", "{C3F94555-B12C-4F3F-A6AC-A9685253E273}"
EndProject
Project("{FAE04EC0-301F-11D3-BF4B-00C04F79EFBC}") = "DMFX.Client.Accounts", "Services\Clients\DMFX.Client.Accounts\DMFX.Client.Accounts.csproj", "{7F456EA1-67D8-4A99-B24C-760671DDA847}"
EndProject
Project("{FAE04EC0-301F-11D3-BF4B-00C04F79EFBC}") = "DMFX.Client.Common", "Services\Clients\DMFX.Client.Common\DMFX.Client.Common.csproj", "{70F85E1F-CDE2-49AE-B162-E338197931F9}"
EndProject
Project("{FAE04EC0-301F-11D3-BF4B-00C04F79EFBC}") = "DMFX.Client.Mail", "Services\Clients\DMFX.Client.Mail\DMFX.Client.Mail.csproj", "{58113942-4E89-48F6-A365-ADEAF324BDB4}"
EndProject
Project("{FAE04EC0-301F-11D3-BF4B-00C04F79EFBC}") = "DMFX.ServicesBuildControl", "Services\DMFX.ServicesBuildControl\DMFX.ServicesBuildControl.csproj", "{1CBD366B-5DBC-43CA-98B0-EEA639F16D6A}"
EndProject
Project("{FAE04EC0-301F-11D3-BF4B-00C04F79EFBC}") = "DMFX.CFTC.Api", "SourcingAPI\DMFX.CFTC.Api\DMFX.CFTC.Api.csproj", "{D46056D2-2524-4010-8CFD-05E424625562}"
EndProject
Project("{FAE04EC0-301F-11D3-BF4B-00C04F79EFBC}") = "DMFX.Test.CFTCApi", "Tests\DMFX.Test.CFTCApi\DMFX.Test.CFTCApi.csproj", "{E05C3E6C-93FD-4FAC-BF83-EDAF1D1B6D8E}"
EndProject
Project("{2150E333-8FDC-42A3-9474-1A3956D46DE8}") = "CommonResources", "CommonResources", "{A8AB40E7-1462-4CC1-98D8-2AC72146A9BC}"
	ProjectSection(SolutionItems) = preProject
		CommonResources\BLSIndicatorsList.xml = CommonResources\BLSIndicatorsList.xml
		CommonResources\ETFTickersList.xml = CommonResources\ETFTickersList.xml
		CommonResources\SECCompanyList.xml = CommonResources\SECCompanyList.xml
	EndProjectSection
EndProject
Project("{FAE04EC0-301F-11D3-BF4B-00C04F79EFBC}") = "DMFX.Service.Accounts", "Services\DMFX.Service.Accounts\DMFX.Service.Accounts.csproj", "{19DDFA14-BBBB-4260-8FD9-CA075152A4C7}"
	ProjectSection(ProjectDependencies) = postProject
		{1CBD366B-5DBC-43CA-98B0-EEA639F16D6A} = {1CBD366B-5DBC-43CA-98B0-EEA639F16D6A}
		{F01E9B96-CA46-4E0A-9F37-3BCCF4C9B355} = {F01E9B96-CA46-4E0A-9F37-3BCCF4C9B355}
	EndProjectSection
EndProject
Project("{FAE04EC0-301F-11D3-BF4B-00C04F79EFBC}") = "DMFX.Service.Filings", "Services\DMFX.Service.Filings\DMFX.Service.Filings.csproj", "{2D34BECE-F032-4874-9959-4872672BE6AC}"
	ProjectSection(ProjectDependencies) = postProject
		{1CBD366B-5DBC-43CA-98B0-EEA639F16D6A} = {1CBD366B-5DBC-43CA-98B0-EEA639F16D6A}
		{F01E9B96-CA46-4E0A-9F37-3BCCF4C9B355} = {F01E9B96-CA46-4E0A-9F37-3BCCF4C9B355}
	EndProjectSection
EndProject
Project("{FAE04EC0-301F-11D3-BF4B-00C04F79EFBC}") = "DMFX.Service.Mail", "Services\DMFX.Service.Mail\DMFX.Service.Mail.csproj", "{3226555D-B0B6-489C-925D-30912BDB55AC}"
	ProjectSection(ProjectDependencies) = postProject
		{1CBD366B-5DBC-43CA-98B0-EEA639F16D6A} = {1CBD366B-5DBC-43CA-98B0-EEA639F16D6A}
		{F01E9B96-CA46-4E0A-9F37-3BCCF4C9B355} = {F01E9B96-CA46-4E0A-9F37-3BCCF4C9B355}
	EndProjectSection
EndProject
Project("{FAE04EC0-301F-11D3-BF4B-00C04F79EFBC}") = "DMFX.Service.Portfolio", "Services\DMFX.Service.Portfolio\DMFX.Service.Portfolio.csproj", "{3DADF034-65B4-4872-B361-E011CCF6D46A}"
	ProjectSection(ProjectDependencies) = postProject
		{1CBD366B-5DBC-43CA-98B0-EEA639F16D6A} = {1CBD366B-5DBC-43CA-98B0-EEA639F16D6A}
		{F01E9B96-CA46-4E0A-9F37-3BCCF4C9B355} = {F01E9B96-CA46-4E0A-9F37-3BCCF4C9B355}
	EndProjectSection
EndProject
Project("{FAE04EC0-301F-11D3-BF4B-00C04F79EFBC}") = "DMFX.Service.Scheduler", "Services\DMFX.Service.Scheduler\DMFX.Service.Scheduler.csproj", "{828EAC3B-254B-4D17-9DB6-8356C6193826}"
	ProjectSection(ProjectDependencies) = postProject
		{1CBD366B-5DBC-43CA-98B0-EEA639F16D6A} = {1CBD366B-5DBC-43CA-98B0-EEA639F16D6A}
		{F01E9B96-CA46-4E0A-9F37-3BCCF4C9B355} = {F01E9B96-CA46-4E0A-9F37-3BCCF4C9B355}
	EndProjectSection
EndProject
Project("{FAE04EC0-301F-11D3-BF4B-00C04F79EFBC}") = "DMFX.Service.TechUtils", "Services\DMFX.Service.TechUtils\DMFX.Service.TechUtils.csproj", "{06264907-4290-476C-BCFE-57A0BC4267C9}"
	ProjectSection(ProjectDependencies) = postProject
		{1CBD366B-5DBC-43CA-98B0-EEA639F16D6A} = {1CBD366B-5DBC-43CA-98B0-EEA639F16D6A}
		{F01E9B96-CA46-4E0A-9F37-3BCCF4C9B355} = {F01E9B96-CA46-4E0A-9F37-3BCCF4C9B355}
	EndProjectSection
EndProject
Project("{FAE04EC0-301F-11D3-BF4B-00C04F79EFBC}") = "Template.DMFX.Service.XYZ", "Services\Template.DMFX.Service.XYZ\Template.DMFX.Service.XYZ.csproj", "{5FD423AA-0B8E-49B4-9772-E20FEC5D81D0}"
EndProject
Project("{FAE04EC0-301F-11D3-BF4B-00C04F79EFBC}") = "Template.DMFX.Client.XYZ", "Services\Clients\Template.DMFX.Client.XYZ\Template.DMFX.Client.XYZ.csproj", "{9A868075-73DF-47F1-9698-338A638F53BC}"
EndProject
Project("{FAE04EC0-301F-11D3-BF4B-00C04F79EFBC}") = "DMFX.Client.Filings", "Services\Clients\DMFX.Client.Filings\DMFX.Client.Filings.csproj", "{AE6EC5FC-F043-4EEC-894C-C2DDE725AED2}"
EndProject
Project("{FAE04EC0-301F-11D3-BF4B-00C04F79EFBC}") = "DMFX.Client.TimeSeries", "Services\Clients\DMFX.Client.TimeSeries\DMFX.Client.TimeSeries.csproj", "{CC606D66-855E-4233-9C9D-6C8B6A0023F9}"
EndProject
Project("{FAE04EC0-301F-11D3-BF4B-00C04F79EFBC}") = "DMFX.SchedulerInterfaces", "DMFX.SchedulerInterfaces\DMFX.SchedulerInterfaces.csproj", "{EEEA2AA8-D161-4ABB-96CE-FD6DC317653E}"
EndProject
Project("{FAE04EC0-301F-11D3-BF4B-00C04F79EFBC}") = "DMFX.SchedulerDAL", "DMFX.SchedulerDAL\DMFX.SchedulerDAL.csproj", "{DCD35430-69B8-4EAE-9DA1-ABA2B0DA4E77}"
EndProject
Project("{FAE04EC0-301F-11D3-BF4B-00C04F79EFBC}") = "DMFX.Service.Alerts", "Services\DMFX.Service.Alerts\DMFX.Service.Alerts.csproj", "{57FB62EC-D32D-4153-9B6F-AC7D3C53DAFE}"
	ProjectSection(ProjectDependencies) = postProject
		{1CBD366B-5DBC-43CA-98B0-EEA639F16D6A} = {1CBD366B-5DBC-43CA-98B0-EEA639F16D6A}
	EndProjectSection
EndProject
Project("{FAE04EC0-301F-11D3-BF4B-00C04F79EFBC}") = "DMFX.Service.FilingsSourcing", "Services\DMFX.Service.FilingsSourcing\DMFX.Service.FilingsSourcing.csproj", "{3957D08C-69EA-4FD3-927A-97E57688F515}"
EndProject
Project("{FAE04EC0-301F-11D3-BF4B-00C04F79EFBC}") = "DMFX.Service.TimeSeries", "Services\DMFX.Service.TimeSeries\DMFX.Service.TimeSeries.csproj", "{83145982-2BF7-49D9-9780-D0EA24A1901B}"
EndProject
Project("{FAE04EC0-301F-11D3-BF4B-00C04F79EFBC}") = "DMFX.Service.TimeSeriesSourcing", "Services\DMFX.Service.TimeSeriesSourcing\DMFX.Service.TimeSeriesSourcing.csproj", "{766A6554-B2B6-490F-8FB4-14FFECFC8CE0}"
	ProjectSection(ProjectDependencies) = postProject
		{F01E9B96-CA46-4E0A-9F37-3BCCF4C9B355} = {F01E9B96-CA46-4E0A-9F37-3BCCF4C9B355}
	EndProjectSection
EndProject
Project("{FAE04EC0-301F-11D3-BF4B-00C04F79EFBC}") = "DMFX.YahooFinance.Api", "SourcingAPI\DMFX.YahooFinance.API\DMFX.YahooFinance.Api.csproj", "{8B38E43A-7793-4F13-BBE4-EB95BFAE4EF6}"
EndProject
Project("{FAE04EC0-301F-11D3-BF4B-00C04F79EFBC}") = "DMFX.Text.YahooFinanceApi", "Tests\DMFX.Text.YahooFinanceApi\DMFX.Text.YahooFinanceApi.csproj", "{F84BF0B0-6C79-4BD5-98CE-EAF3E9C24D06}"
EndProject
Project("{FAE04EC0-301F-11D3-BF4B-00C04F79EFBC}") = "ConsoleTestServiceClients", "Tests\ConsoleTestServiceClients\ConsoleTestServiceClients.csproj", "{F89D2F7F-E5E9-4577-BE71-1DAFA461E434}"
EndProject
Project("{FAE04EC0-301F-11D3-BF4B-00C04F79EFBC}") = "SECFilingsImporter", "Utils\SECFilingsImporter\SECFilingsImporter.csproj", "{F6F962A9-ECDF-456F-A89B-A7F0817F4BE4}"
EndProject
Project("{FAE04EC0-301F-11D3-BF4B-00C04F79EFBC}") = "DMFX.Client.FilingsSourcing", "Services\Clients\DMFX.Client.FilingsSourcing\DMFX.Client.FilingsSourcing.csproj", "{6F40138C-5531-403D-BD95-9F21FBBE9C82}"
EndProject
Project("{FAE04EC0-301F-11D3-BF4B-00C04F79EFBC}") = "DMFX.BEA.Api", "SourcingAPI\DMFX.BEA.Api\DMFX.BEA.Api.csproj", "{1D32D212-D0BE-45CA-90CD-6ECA72DFB39F}"
EndProject
Project("{FAE04EC0-301F-11D3-BF4B-00C04F79EFBC}") = "DMFX.Test.BEAApi", "Tests\DMFX.Test.BEAApi\DMFX.Test.BEAApi.csproj", "{57C89748-4955-49DE-A192-4A119662D28A}"
EndProject
Project("{FAE04EC0-301F-11D3-BF4B-00C04F79EFBC}") = "DMFX.Client.TechUtils", "Services\Clients\DMFX.Client.TechUtils\DMFX.Client.TechUtils.csproj", "{AFB0A6D0-5402-4D4D-AF2F-7411EF9C506A}"
EndProject
Project("{FAE04EC0-301F-11D3-BF4B-00C04F79EFBC}") = "BAEDump", "Utils\BAEDump\BAEDump.csproj", "{6F9893E0-399F-4D75-8F25-E1D9BCD4CCB7}"
EndProject
Project("{FAE04EC0-301F-11D3-BF4B-00C04F79EFBC}") = "Template.DMFX.Source.XYZ", "Template.DMFX.Source.XYZ\Template.DMFX.Source.XYZ.csproj", "{9A99C922-8CEB-4F63-906B-3FB35DD256ED}"
EndProject
Project("{FAE04EC0-301F-11D3-BF4B-00C04F79EFBC}") = "DMFX.Source.BEA", "DMFX.Source.BEA\DMFX.Source.BEA.csproj", "{3A555136-3C6B-4885-B020-4F657157DBA6}"
EndProject
Project("{FAE04EC0-301F-11D3-BF4B-00C04F79EFBC}") = "DMFX.BLS.Api", "SourcingAPI\DMFX.BLS.Api\DMFX.BLS.Api.csproj", "{9450DBED-BB45-450A-9ACF-194322B2FFE6}"
EndProject
Project("{FAE04EC0-301F-11D3-BF4B-00C04F79EFBC}") = "DMFX.Test.BLSApi", "Tests\DMFX.Test.BLSApi\DMFX.Test.BLSApi.csproj", "{0B1B94B0-7388-41DE-8AC3-5B8CAFF245FE}"
EndProject
Project("{FAE04EC0-301F-11D3-BF4B-00C04F79EFBC}") = "DMFX.Source.BLS", "DMFX.Source.BLS\DMFX.Source.BLS.csproj", "{54E06D58-8FDA-4A12-B4EB-55DB0F1B0D80}"
EndProject
Project("{FAE04EC0-301F-11D3-BF4B-00C04F79EFBC}") = "BLSXMLGenerator", "Utils\BLSXMLGenerator\BLSXMLGenerator.csproj", "{40949A28-A9BE-41E1-87DC-520DF119BF46}"
EndProject
Project("{FAE04EC0-301F-11D3-BF4B-00C04F79EFBC}") = "DMFX.AlertsInterfaces", "DMFX.AlertsInterfaces\DMFX.AlertsInterfaces.csproj", "{8EF15251-FE86-41D1-B928-C8CF71203C97}"
EndProject
Project("{FAE04EC0-301F-11D3-BF4B-00C04F79EFBC}") = "DMFX.AlertsDAL", "DMFX.AlertsDAL\DMFX.AlertsDAL.csproj", "{171B5D4D-DC19-4CCC-AA3A-6D9BE006EEE2}"
EndProject
Project("{FAE04EC0-301F-11D3-BF4B-00C04F79EFBC}") = "DMFX.Test.AlertsDal", "Tests\DMFX.Test.AlertsDal\DMFX.Test.AlertsDal.csproj", "{C32A3A5C-FB74-4D62-8010-4A7CD7ADF04D}"
EndProject
Project("{FAE04EC0-301F-11D3-BF4B-00C04F79EFBC}") = "DMFX.Test.Service.Alerts", "Tests\DMFX.Test.Service.Alerts\DMFX.Test.Service.Alerts.csproj", "{69915A50-C69D-4261-9AE5-5D1C0D760B4A}"
EndProject
Project("{FAE04EC0-301F-11D3-BF4B-00C04F79EFBC}") = "DMFX.Client.Alerts", "Services\Clients\DMFX.Client.Alerts\DMFX.Client.Alerts.csproj", "{6A91E822-5AAA-44EB-B3A3-6141BD85FF23}"
EndProject
Project("{FAE04EC0-301F-11D3-BF4B-00C04F79EFBC}") = "DMFX.Service.Echo", "Services\DMFX.Service.Echo\DMFX.Service.Echo.csproj", "{D4D030F7-FF08-4E4E-B7D5-6BDC462E2D7A}"
EndProject
Project("{FAE04EC0-301F-11D3-BF4B-00C04F79EFBC}") = "DMFX.Service.Echo2", "Services\DMFX.Service.Echo2\DMFX.Service.Echo2.csproj", "{8DC79942-B275-4583-9CFC-36324073C3FD}"
EndProject
Project("{FAE04EC0-301F-11D3-BF4B-00C04F79EFBC}") = "DMFX.MQInterfaces", "DMFX.MQInterfaces\DMFX.MQInterfaces.csproj", "{D69ABEA7-CC35-46BF-9A5D-E22BBC9D08C2}"
EndProject
Project("{FAE04EC0-301F-11D3-BF4B-00C04F79EFBC}") = "DMFX.MQDAL", "DMFX.MQDAL\DMFX.MQDAL.csproj", "{A7069C1C-0838-4EBC-82B4-6490DB65B2D3}"
EndProject
Global
	GlobalSection(SolutionConfigurationPlatforms) = preSolution
		Debug|Any CPU = Debug|Any CPU
		Release|Any CPU = Release|Any CPU
	EndGlobalSection
	GlobalSection(ProjectConfigurationPlatforms) = postSolution
		{5E07195D-5203-4468-9B6E-9385E9BAE692}.Debug|Any CPU.ActiveCfg = Debug|Any CPU
		{5E07195D-5203-4468-9B6E-9385E9BAE692}.Debug|Any CPU.Build.0 = Debug|Any CPU
		{5E07195D-5203-4468-9B6E-9385E9BAE692}.Release|Any CPU.ActiveCfg = Release|Any CPU
		{5E07195D-5203-4468-9B6E-9385E9BAE692}.Release|Any CPU.Build.0 = Release|Any CPU
		{1BD5D8AC-BA4F-4D76-9C49-31671FB13E8B}.Debug|Any CPU.ActiveCfg = Debug|Any CPU
		{1BD5D8AC-BA4F-4D76-9C49-31671FB13E8B}.Debug|Any CPU.Build.0 = Debug|Any CPU
		{1BD5D8AC-BA4F-4D76-9C49-31671FB13E8B}.Release|Any CPU.ActiveCfg = Release|Any CPU
		{1BD5D8AC-BA4F-4D76-9C49-31671FB13E8B}.Release|Any CPU.Build.0 = Release|Any CPU
		{8EDF4429-251A-416D-BB68-93F227191BCF}.Debug|Any CPU.ActiveCfg = Debug|Any CPU
		{8EDF4429-251A-416D-BB68-93F227191BCF}.Debug|Any CPU.Build.0 = Debug|Any CPU
		{8EDF4429-251A-416D-BB68-93F227191BCF}.Release|Any CPU.ActiveCfg = Release|Any CPU
		{8EDF4429-251A-416D-BB68-93F227191BCF}.Release|Any CPU.Build.0 = Release|Any CPU
		{0D2DD20E-7405-4DD0-B32F-877B508DCC80}.Debug|Any CPU.ActiveCfg = Debug|Any CPU
		{0D2DD20E-7405-4DD0-B32F-877B508DCC80}.Debug|Any CPU.Build.0 = Debug|Any CPU
		{0D2DD20E-7405-4DD0-B32F-877B508DCC80}.Release|Any CPU.ActiveCfg = Release|Any CPU
		{0D2DD20E-7405-4DD0-B32F-877B508DCC80}.Release|Any CPU.Build.0 = Release|Any CPU
		{E4B0D242-CC93-41AF-91F9-936D76071F22}.Debug|Any CPU.ActiveCfg = Debug|Any CPU
		{E4B0D242-CC93-41AF-91F9-936D76071F22}.Debug|Any CPU.Build.0 = Debug|Any CPU
		{E4B0D242-CC93-41AF-91F9-936D76071F22}.Release|Any CPU.ActiveCfg = Release|Any CPU
		{E4B0D242-CC93-41AF-91F9-936D76071F22}.Release|Any CPU.Build.0 = Release|Any CPU
		{ED44669E-0C24-4161-A3FA-F9F6C8030009}.Debug|Any CPU.ActiveCfg = Debug|Any CPU
		{ED44669E-0C24-4161-A3FA-F9F6C8030009}.Debug|Any CPU.Build.0 = Debug|Any CPU
		{ED44669E-0C24-4161-A3FA-F9F6C8030009}.Release|Any CPU.ActiveCfg = Release|Any CPU
		{ED44669E-0C24-4161-A3FA-F9F6C8030009}.Release|Any CPU.Build.0 = Release|Any CPU
		{EF65FF57-5C1B-4E3B-95BA-6DF1891E1A1F}.Debug|Any CPU.ActiveCfg = Debug|Any CPU
		{EF65FF57-5C1B-4E3B-95BA-6DF1891E1A1F}.Debug|Any CPU.Build.0 = Debug|Any CPU
		{EF65FF57-5C1B-4E3B-95BA-6DF1891E1A1F}.Release|Any CPU.ActiveCfg = Release|Any CPU
		{EF65FF57-5C1B-4E3B-95BA-6DF1891E1A1F}.Release|Any CPU.Build.0 = Release|Any CPU
		{5D57122D-1DA7-482D-8F5F-4F5B5D96108F}.Debug|Any CPU.ActiveCfg = Debug|Any CPU
		{5D57122D-1DA7-482D-8F5F-4F5B5D96108F}.Debug|Any CPU.Build.0 = Debug|Any CPU
		{5D57122D-1DA7-482D-8F5F-4F5B5D96108F}.Release|Any CPU.ActiveCfg = Release|Any CPU
		{5D57122D-1DA7-482D-8F5F-4F5B5D96108F}.Release|Any CPU.Build.0 = Release|Any CPU
		{14A13CBD-156B-475A-A95D-ADBC9CBB5226}.Debug|Any CPU.ActiveCfg = Debug|Any CPU
		{14A13CBD-156B-475A-A95D-ADBC9CBB5226}.Debug|Any CPU.Build.0 = Debug|Any CPU
		{14A13CBD-156B-475A-A95D-ADBC9CBB5226}.Release|Any CPU.ActiveCfg = Release|Any CPU
		{14A13CBD-156B-475A-A95D-ADBC9CBB5226}.Release|Any CPU.Build.0 = Release|Any CPU
		{446FC7DD-25AC-43B9-A616-91B4B8621509}.Debug|Any CPU.ActiveCfg = Debug|Any CPU
		{446FC7DD-25AC-43B9-A616-91B4B8621509}.Debug|Any CPU.Build.0 = Debug|Any CPU
		{446FC7DD-25AC-43B9-A616-91B4B8621509}.Release|Any CPU.ActiveCfg = Release|Any CPU
		{446FC7DD-25AC-43B9-A616-91B4B8621509}.Release|Any CPU.Build.0 = Release|Any CPU
		{944B12E2-8A35-4470-9219-54CCE3278E3A}.Debug|Any CPU.ActiveCfg = Debug|Any CPU
		{944B12E2-8A35-4470-9219-54CCE3278E3A}.Debug|Any CPU.Build.0 = Debug|Any CPU
		{944B12E2-8A35-4470-9219-54CCE3278E3A}.Release|Any CPU.ActiveCfg = Release|Any CPU
		{944B12E2-8A35-4470-9219-54CCE3278E3A}.Release|Any CPU.Build.0 = Release|Any CPU
		{B13AA6DA-C166-4B0A-84DE-63D41172DD88}.Debug|Any CPU.ActiveCfg = Debug|Any CPU
		{B13AA6DA-C166-4B0A-84DE-63D41172DD88}.Debug|Any CPU.Build.0 = Debug|Any CPU
		{B13AA6DA-C166-4B0A-84DE-63D41172DD88}.Release|Any CPU.ActiveCfg = Release|Any CPU
		{B13AA6DA-C166-4B0A-84DE-63D41172DD88}.Release|Any CPU.Build.0 = Release|Any CPU
		{44BF101C-249E-4480-8F8B-A3060FAD34C6}.Debug|Any CPU.ActiveCfg = Debug|Any CPU
		{44BF101C-249E-4480-8F8B-A3060FAD34C6}.Debug|Any CPU.Build.0 = Debug|Any CPU
		{44BF101C-249E-4480-8F8B-A3060FAD34C6}.Release|Any CPU.ActiveCfg = Release|Any CPU
		{44BF101C-249E-4480-8F8B-A3060FAD34C6}.Release|Any CPU.Build.0 = Release|Any CPU
		{E0AE26C0-2138-4DFD-A8F1-E84774B25340}.Debug|Any CPU.ActiveCfg = Debug|Any CPU
		{E0AE26C0-2138-4DFD-A8F1-E84774B25340}.Debug|Any CPU.Build.0 = Debug|Any CPU
		{E0AE26C0-2138-4DFD-A8F1-E84774B25340}.Release|Any CPU.ActiveCfg = Release|Any CPU
		{E0AE26C0-2138-4DFD-A8F1-E84774B25340}.Release|Any CPU.Build.0 = Release|Any CPU
		{ABAC6196-F657-4873-BC09-31ABAC2C1373}.Debug|Any CPU.ActiveCfg = Debug|Any CPU
		{ABAC6196-F657-4873-BC09-31ABAC2C1373}.Debug|Any CPU.Build.0 = Debug|Any CPU
		{ABAC6196-F657-4873-BC09-31ABAC2C1373}.Release|Any CPU.ActiveCfg = Release|Any CPU
		{ABAC6196-F657-4873-BC09-31ABAC2C1373}.Release|Any CPU.Build.0 = Release|Any CPU
		{C2C63729-B7C1-4A48-BA51-8C0B77786753}.Debug|Any CPU.ActiveCfg = Debug|Any CPU
		{C2C63729-B7C1-4A48-BA51-8C0B77786753}.Debug|Any CPU.Build.0 = Debug|Any CPU
		{C2C63729-B7C1-4A48-BA51-8C0B77786753}.Release|Any CPU.ActiveCfg = Release|Any CPU
		{C2C63729-B7C1-4A48-BA51-8C0B77786753}.Release|Any CPU.Build.0 = Release|Any CPU
		{4D9AAF14-0FFB-49DF-B931-ECC8DCE51ADE}.Debug|Any CPU.ActiveCfg = Debug|Any CPU
		{4D9AAF14-0FFB-49DF-B931-ECC8DCE51ADE}.Debug|Any CPU.Build.0 = Debug|Any CPU
		{4D9AAF14-0FFB-49DF-B931-ECC8DCE51ADE}.Release|Any CPU.ActiveCfg = Release|Any CPU
		{4D9AAF14-0FFB-49DF-B931-ECC8DCE51ADE}.Release|Any CPU.Build.0 = Release|Any CPU
		{356237D0-0810-4E96-AF9B-94F52EF0106A}.Debug|Any CPU.ActiveCfg = Debug|Any CPU
		{356237D0-0810-4E96-AF9B-94F52EF0106A}.Debug|Any CPU.Build.0 = Debug|Any CPU
		{356237D0-0810-4E96-AF9B-94F52EF0106A}.Release|Any CPU.ActiveCfg = Release|Any CPU
		{356237D0-0810-4E96-AF9B-94F52EF0106A}.Release|Any CPU.Build.0 = Release|Any CPU
		{5AD0A739-A822-4096-88B7-40A701EC94F5}.Debug|Any CPU.ActiveCfg = Debug|Any CPU
		{5AD0A739-A822-4096-88B7-40A701EC94F5}.Debug|Any CPU.Build.0 = Debug|Any CPU
		{5AD0A739-A822-4096-88B7-40A701EC94F5}.Release|Any CPU.ActiveCfg = Release|Any CPU
		{5AD0A739-A822-4096-88B7-40A701EC94F5}.Release|Any CPU.Build.0 = Release|Any CPU
		{719D5F48-B194-445D-8E5B-6590A499F3B9}.Debug|Any CPU.ActiveCfg = Debug|Any CPU
		{719D5F48-B194-445D-8E5B-6590A499F3B9}.Debug|Any CPU.Build.0 = Debug|Any CPU
		{719D5F48-B194-445D-8E5B-6590A499F3B9}.Release|Any CPU.ActiveCfg = Release|Any CPU
		{719D5F48-B194-445D-8E5B-6590A499F3B9}.Release|Any CPU.Build.0 = Release|Any CPU
		{3DEC5FD8-E026-4D58-A688-21CED13DC09D}.Debug|Any CPU.ActiveCfg = Debug|Any CPU
		{3DEC5FD8-E026-4D58-A688-21CED13DC09D}.Debug|Any CPU.Build.0 = Debug|Any CPU
		{3DEC5FD8-E026-4D58-A688-21CED13DC09D}.Release|Any CPU.ActiveCfg = Release|Any CPU
		{3DEC5FD8-E026-4D58-A688-21CED13DC09D}.Release|Any CPU.Build.0 = Release|Any CPU
		{F01E9B96-CA46-4E0A-9F37-3BCCF4C9B355}.Debug|Any CPU.ActiveCfg = Debug|Any CPU
		{F01E9B96-CA46-4E0A-9F37-3BCCF4C9B355}.Debug|Any CPU.Build.0 = Debug|Any CPU
		{F01E9B96-CA46-4E0A-9F37-3BCCF4C9B355}.Release|Any CPU.ActiveCfg = Release|Any CPU
		{F01E9B96-CA46-4E0A-9F37-3BCCF4C9B355}.Release|Any CPU.Build.0 = Release|Any CPU
		{B1F8E682-AB4D-4EEF-AC97-EF6183A25BE6}.Debug|Any CPU.ActiveCfg = Debug|Any CPU
		{B1F8E682-AB4D-4EEF-AC97-EF6183A25BE6}.Debug|Any CPU.Build.0 = Debug|Any CPU
		{B1F8E682-AB4D-4EEF-AC97-EF6183A25BE6}.Release|Any CPU.ActiveCfg = Release|Any CPU
		{B1F8E682-AB4D-4EEF-AC97-EF6183A25BE6}.Release|Any CPU.Build.0 = Release|Any CPU
		{C69FAD89-D66E-4996-876A-E346BCBD3546}.Debug|Any CPU.ActiveCfg = Debug|Any CPU
		{C69FAD89-D66E-4996-876A-E346BCBD3546}.Debug|Any CPU.Build.0 = Debug|Any CPU
		{C69FAD89-D66E-4996-876A-E346BCBD3546}.Release|Any CPU.ActiveCfg = Release|Any CPU
		{C69FAD89-D66E-4996-876A-E346BCBD3546}.Release|Any CPU.Build.0 = Release|Any CPU
		{D936FE85-7E27-4F08-BC07-B793585B719E}.Debug|Any CPU.ActiveCfg = Debug|Any CPU
		{D936FE85-7E27-4F08-BC07-B793585B719E}.Debug|Any CPU.Build.0 = Debug|Any CPU
		{D936FE85-7E27-4F08-BC07-B793585B719E}.Release|Any CPU.ActiveCfg = Release|Any CPU
		{D936FE85-7E27-4F08-BC07-B793585B719E}.Release|Any CPU.Build.0 = Release|Any CPU
		{BA2A874E-9C7D-4935-9C36-306B126A8C07}.Debug|Any CPU.ActiveCfg = Debug|Any CPU
		{BA2A874E-9C7D-4935-9C36-306B126A8C07}.Debug|Any CPU.Build.0 = Debug|Any CPU
		{BA2A874E-9C7D-4935-9C36-306B126A8C07}.Release|Any CPU.ActiveCfg = Release|Any CPU
		{BA2A874E-9C7D-4935-9C36-306B126A8C07}.Release|Any CPU.Build.0 = Release|Any CPU
		{409E0C87-844C-41E1-A837-FC4C88B3F20F}.Debug|Any CPU.ActiveCfg = Debug|Any CPU
		{409E0C87-844C-41E1-A837-FC4C88B3F20F}.Debug|Any CPU.Build.0 = Debug|Any CPU
		{409E0C87-844C-41E1-A837-FC4C88B3F20F}.Release|Any CPU.ActiveCfg = Release|Any CPU
		{409E0C87-844C-41E1-A837-FC4C88B3F20F}.Release|Any CPU.Build.0 = Release|Any CPU
		{563D8817-7ACB-4703-8147-29684E0DA506}.Debug|Any CPU.ActiveCfg = Debug|Any CPU
		{563D8817-7ACB-4703-8147-29684E0DA506}.Debug|Any CPU.Build.0 = Debug|Any CPU
		{563D8817-7ACB-4703-8147-29684E0DA506}.Release|Any CPU.ActiveCfg = Release|Any CPU
		{563D8817-7ACB-4703-8147-29684E0DA506}.Release|Any CPU.Build.0 = Release|Any CPU
		{4E1E0290-440E-4E08-807D-8BAC46B9D4FB}.Debug|Any CPU.ActiveCfg = Debug|Any CPU
		{4E1E0290-440E-4E08-807D-8BAC46B9D4FB}.Debug|Any CPU.Build.0 = Debug|Any CPU
		{4E1E0290-440E-4E08-807D-8BAC46B9D4FB}.Release|Any CPU.ActiveCfg = Release|Any CPU
		{4E1E0290-440E-4E08-807D-8BAC46B9D4FB}.Release|Any CPU.Build.0 = Release|Any CPU
		{D09D15ED-0B43-41D0-A6F9-9C5A8A35C677}.Debug|Any CPU.ActiveCfg = Debug|Any CPU
		{D09D15ED-0B43-41D0-A6F9-9C5A8A35C677}.Debug|Any CPU.Build.0 = Debug|Any CPU
		{D09D15ED-0B43-41D0-A6F9-9C5A8A35C677}.Release|Any CPU.ActiveCfg = Release|Any CPU
		{D09D15ED-0B43-41D0-A6F9-9C5A8A35C677}.Release|Any CPU.Build.0 = Release|Any CPU
		{863400AF-A113-4CE1-9C56-92E5FCD6735B}.Debug|Any CPU.ActiveCfg = Debug|Any CPU
		{863400AF-A113-4CE1-9C56-92E5FCD6735B}.Debug|Any CPU.Build.0 = Debug|Any CPU
		{863400AF-A113-4CE1-9C56-92E5FCD6735B}.Release|Any CPU.ActiveCfg = Release|Any CPU
		{863400AF-A113-4CE1-9C56-92E5FCD6735B}.Release|Any CPU.Build.0 = Release|Any CPU
		{E21B1A93-786E-41B2-8F50-C5C6EB9312E3}.Debug|Any CPU.ActiveCfg = Debug|Any CPU
		{E21B1A93-786E-41B2-8F50-C5C6EB9312E3}.Debug|Any CPU.Build.0 = Debug|Any CPU
		{E21B1A93-786E-41B2-8F50-C5C6EB9312E3}.Release|Any CPU.ActiveCfg = Release|Any CPU
		{E21B1A93-786E-41B2-8F50-C5C6EB9312E3}.Release|Any CPU.Build.0 = Release|Any CPU
		{78194D02-7E3B-4890-8C1C-A6EA106567DB}.Debug|Any CPU.ActiveCfg = Debug|Any CPU
		{78194D02-7E3B-4890-8C1C-A6EA106567DB}.Debug|Any CPU.Build.0 = Debug|Any CPU
		{78194D02-7E3B-4890-8C1C-A6EA106567DB}.Release|Any CPU.ActiveCfg = Release|Any CPU
		{78194D02-7E3B-4890-8C1C-A6EA106567DB}.Release|Any CPU.Build.0 = Release|Any CPU
		{7F456EA1-67D8-4A99-B24C-760671DDA847}.Debug|Any CPU.ActiveCfg = Debug|Any CPU
		{7F456EA1-67D8-4A99-B24C-760671DDA847}.Debug|Any CPU.Build.0 = Debug|Any CPU
		{7F456EA1-67D8-4A99-B24C-760671DDA847}.Release|Any CPU.ActiveCfg = Release|Any CPU
		{7F456EA1-67D8-4A99-B24C-760671DDA847}.Release|Any CPU.Build.0 = Release|Any CPU
		{70F85E1F-CDE2-49AE-B162-E338197931F9}.Debug|Any CPU.ActiveCfg = Debug|Any CPU
		{70F85E1F-CDE2-49AE-B162-E338197931F9}.Debug|Any CPU.Build.0 = Debug|Any CPU
		{70F85E1F-CDE2-49AE-B162-E338197931F9}.Release|Any CPU.ActiveCfg = Release|Any CPU
		{70F85E1F-CDE2-49AE-B162-E338197931F9}.Release|Any CPU.Build.0 = Release|Any CPU
		{58113942-4E89-48F6-A365-ADEAF324BDB4}.Debug|Any CPU.ActiveCfg = Debug|Any CPU
		{58113942-4E89-48F6-A365-ADEAF324BDB4}.Debug|Any CPU.Build.0 = Debug|Any CPU
		{58113942-4E89-48F6-A365-ADEAF324BDB4}.Release|Any CPU.ActiveCfg = Release|Any CPU
		{58113942-4E89-48F6-A365-ADEAF324BDB4}.Release|Any CPU.Build.0 = Release|Any CPU
		{1CBD366B-5DBC-43CA-98B0-EEA639F16D6A}.Debug|Any CPU.ActiveCfg = Debug|Any CPU
		{1CBD366B-5DBC-43CA-98B0-EEA639F16D6A}.Debug|Any CPU.Build.0 = Debug|Any CPU
		{1CBD366B-5DBC-43CA-98B0-EEA639F16D6A}.Release|Any CPU.ActiveCfg = Release|Any CPU
		{1CBD366B-5DBC-43CA-98B0-EEA639F16D6A}.Release|Any CPU.Build.0 = Release|Any CPU
		{D46056D2-2524-4010-8CFD-05E424625562}.Debug|Any CPU.ActiveCfg = Debug|Any CPU
		{D46056D2-2524-4010-8CFD-05E424625562}.Debug|Any CPU.Build.0 = Debug|Any CPU
		{D46056D2-2524-4010-8CFD-05E424625562}.Release|Any CPU.ActiveCfg = Release|Any CPU
		{D46056D2-2524-4010-8CFD-05E424625562}.Release|Any CPU.Build.0 = Release|Any CPU
		{E05C3E6C-93FD-4FAC-BF83-EDAF1D1B6D8E}.Debug|Any CPU.ActiveCfg = Debug|Any CPU
		{E05C3E6C-93FD-4FAC-BF83-EDAF1D1B6D8E}.Debug|Any CPU.Build.0 = Debug|Any CPU
		{E05C3E6C-93FD-4FAC-BF83-EDAF1D1B6D8E}.Release|Any CPU.ActiveCfg = Release|Any CPU
		{E05C3E6C-93FD-4FAC-BF83-EDAF1D1B6D8E}.Release|Any CPU.Build.0 = Release|Any CPU
		{19DDFA14-BBBB-4260-8FD9-CA075152A4C7}.Debug|Any CPU.ActiveCfg = Debug|Any CPU
		{19DDFA14-BBBB-4260-8FD9-CA075152A4C7}.Debug|Any CPU.Build.0 = Debug|Any CPU
		{19DDFA14-BBBB-4260-8FD9-CA075152A4C7}.Release|Any CPU.ActiveCfg = Release|Any CPU
		{19DDFA14-BBBB-4260-8FD9-CA075152A4C7}.Release|Any CPU.Build.0 = Release|Any CPU
		{2D34BECE-F032-4874-9959-4872672BE6AC}.Debug|Any CPU.ActiveCfg = Debug|Any CPU
		{2D34BECE-F032-4874-9959-4872672BE6AC}.Debug|Any CPU.Build.0 = Debug|Any CPU
		{2D34BECE-F032-4874-9959-4872672BE6AC}.Release|Any CPU.ActiveCfg = Release|Any CPU
		{2D34BECE-F032-4874-9959-4872672BE6AC}.Release|Any CPU.Build.0 = Release|Any CPU
		{3226555D-B0B6-489C-925D-30912BDB55AC}.Debug|Any CPU.ActiveCfg = Debug|Any CPU
		{3226555D-B0B6-489C-925D-30912BDB55AC}.Debug|Any CPU.Build.0 = Debug|Any CPU
		{3226555D-B0B6-489C-925D-30912BDB55AC}.Release|Any CPU.ActiveCfg = Release|Any CPU
		{3226555D-B0B6-489C-925D-30912BDB55AC}.Release|Any CPU.Build.0 = Release|Any CPU
		{3DADF034-65B4-4872-B361-E011CCF6D46A}.Debug|Any CPU.ActiveCfg = Debug|Any CPU
		{3DADF034-65B4-4872-B361-E011CCF6D46A}.Debug|Any CPU.Build.0 = Debug|Any CPU
		{3DADF034-65B4-4872-B361-E011CCF6D46A}.Release|Any CPU.ActiveCfg = Release|Any CPU
		{3DADF034-65B4-4872-B361-E011CCF6D46A}.Release|Any CPU.Build.0 = Release|Any CPU
		{828EAC3B-254B-4D17-9DB6-8356C6193826}.Debug|Any CPU.ActiveCfg = Debug|Any CPU
		{828EAC3B-254B-4D17-9DB6-8356C6193826}.Debug|Any CPU.Build.0 = Debug|Any CPU
		{828EAC3B-254B-4D17-9DB6-8356C6193826}.Release|Any CPU.ActiveCfg = Release|Any CPU
		{828EAC3B-254B-4D17-9DB6-8356C6193826}.Release|Any CPU.Build.0 = Release|Any CPU
		{06264907-4290-476C-BCFE-57A0BC4267C9}.Debug|Any CPU.ActiveCfg = Debug|Any CPU
		{06264907-4290-476C-BCFE-57A0BC4267C9}.Debug|Any CPU.Build.0 = Debug|Any CPU
		{06264907-4290-476C-BCFE-57A0BC4267C9}.Release|Any CPU.ActiveCfg = Release|Any CPU
		{06264907-4290-476C-BCFE-57A0BC4267C9}.Release|Any CPU.Build.0 = Release|Any CPU
		{5FD423AA-0B8E-49B4-9772-E20FEC5D81D0}.Debug|Any CPU.ActiveCfg = Debug|Any CPU
		{5FD423AA-0B8E-49B4-9772-E20FEC5D81D0}.Debug|Any CPU.Build.0 = Debug|Any CPU
		{5FD423AA-0B8E-49B4-9772-E20FEC5D81D0}.Release|Any CPU.ActiveCfg = Release|Any CPU
		{5FD423AA-0B8E-49B4-9772-E20FEC5D81D0}.Release|Any CPU.Build.0 = Release|Any CPU
		{9A868075-73DF-47F1-9698-338A638F53BC}.Debug|Any CPU.ActiveCfg = Debug|Any CPU
		{9A868075-73DF-47F1-9698-338A638F53BC}.Debug|Any CPU.Build.0 = Debug|Any CPU
		{9A868075-73DF-47F1-9698-338A638F53BC}.Release|Any CPU.ActiveCfg = Release|Any CPU
		{9A868075-73DF-47F1-9698-338A638F53BC}.Release|Any CPU.Build.0 = Release|Any CPU
		{AE6EC5FC-F043-4EEC-894C-C2DDE725AED2}.Debug|Any CPU.ActiveCfg = Debug|Any CPU
		{AE6EC5FC-F043-4EEC-894C-C2DDE725AED2}.Debug|Any CPU.Build.0 = Debug|Any CPU
		{AE6EC5FC-F043-4EEC-894C-C2DDE725AED2}.Release|Any CPU.ActiveCfg = Release|Any CPU
		{AE6EC5FC-F043-4EEC-894C-C2DDE725AED2}.Release|Any CPU.Build.0 = Release|Any CPU
		{CC606D66-855E-4233-9C9D-6C8B6A0023F9}.Debug|Any CPU.ActiveCfg = Debug|Any CPU
		{CC606D66-855E-4233-9C9D-6C8B6A0023F9}.Debug|Any CPU.Build.0 = Debug|Any CPU
		{CC606D66-855E-4233-9C9D-6C8B6A0023F9}.Release|Any CPU.ActiveCfg = Release|Any CPU
		{CC606D66-855E-4233-9C9D-6C8B6A0023F9}.Release|Any CPU.Build.0 = Release|Any CPU
		{EEEA2AA8-D161-4ABB-96CE-FD6DC317653E}.Debug|Any CPU.ActiveCfg = Debug|Any CPU
		{EEEA2AA8-D161-4ABB-96CE-FD6DC317653E}.Debug|Any CPU.Build.0 = Debug|Any CPU
		{EEEA2AA8-D161-4ABB-96CE-FD6DC317653E}.Release|Any CPU.ActiveCfg = Release|Any CPU
		{EEEA2AA8-D161-4ABB-96CE-FD6DC317653E}.Release|Any CPU.Build.0 = Release|Any CPU
		{DCD35430-69B8-4EAE-9DA1-ABA2B0DA4E77}.Debug|Any CPU.ActiveCfg = Debug|Any CPU
		{DCD35430-69B8-4EAE-9DA1-ABA2B0DA4E77}.Debug|Any CPU.Build.0 = Debug|Any CPU
		{DCD35430-69B8-4EAE-9DA1-ABA2B0DA4E77}.Release|Any CPU.ActiveCfg = Release|Any CPU
		{DCD35430-69B8-4EAE-9DA1-ABA2B0DA4E77}.Release|Any CPU.Build.0 = Release|Any CPU
		{57FB62EC-D32D-4153-9B6F-AC7D3C53DAFE}.Debug|Any CPU.ActiveCfg = Debug|Any CPU
		{57FB62EC-D32D-4153-9B6F-AC7D3C53DAFE}.Debug|Any CPU.Build.0 = Debug|Any CPU
		{57FB62EC-D32D-4153-9B6F-AC7D3C53DAFE}.Release|Any CPU.ActiveCfg = Release|Any CPU
		{57FB62EC-D32D-4153-9B6F-AC7D3C53DAFE}.Release|Any CPU.Build.0 = Release|Any CPU
		{3957D08C-69EA-4FD3-927A-97E57688F515}.Debug|Any CPU.ActiveCfg = Debug|Any CPU
		{3957D08C-69EA-4FD3-927A-97E57688F515}.Debug|Any CPU.Build.0 = Debug|Any CPU
		{3957D08C-69EA-4FD3-927A-97E57688F515}.Release|Any CPU.ActiveCfg = Release|Any CPU
		{3957D08C-69EA-4FD3-927A-97E57688F515}.Release|Any CPU.Build.0 = Release|Any CPU
		{83145982-2BF7-49D9-9780-D0EA24A1901B}.Debug|Any CPU.ActiveCfg = Debug|Any CPU
		{83145982-2BF7-49D9-9780-D0EA24A1901B}.Debug|Any CPU.Build.0 = Debug|Any CPU
		{83145982-2BF7-49D9-9780-D0EA24A1901B}.Release|Any CPU.ActiveCfg = Release|Any CPU
		{83145982-2BF7-49D9-9780-D0EA24A1901B}.Release|Any CPU.Build.0 = Release|Any CPU
		{766A6554-B2B6-490F-8FB4-14FFECFC8CE0}.Debug|Any CPU.ActiveCfg = Debug|Any CPU
		{766A6554-B2B6-490F-8FB4-14FFECFC8CE0}.Debug|Any CPU.Build.0 = Debug|Any CPU
		{766A6554-B2B6-490F-8FB4-14FFECFC8CE0}.Release|Any CPU.ActiveCfg = Release|Any CPU
		{766A6554-B2B6-490F-8FB4-14FFECFC8CE0}.Release|Any CPU.Build.0 = Release|Any CPU
		{8B38E43A-7793-4F13-BBE4-EB95BFAE4EF6}.Debug|Any CPU.ActiveCfg = Debug|Any CPU
		{8B38E43A-7793-4F13-BBE4-EB95BFAE4EF6}.Debug|Any CPU.Build.0 = Debug|Any CPU
		{8B38E43A-7793-4F13-BBE4-EB95BFAE4EF6}.Release|Any CPU.ActiveCfg = Release|Any CPU
		{8B38E43A-7793-4F13-BBE4-EB95BFAE4EF6}.Release|Any CPU.Build.0 = Release|Any CPU
		{F84BF0B0-6C79-4BD5-98CE-EAF3E9C24D06}.Debug|Any CPU.ActiveCfg = Debug|Any CPU
		{F84BF0B0-6C79-4BD5-98CE-EAF3E9C24D06}.Debug|Any CPU.Build.0 = Debug|Any CPU
		{F84BF0B0-6C79-4BD5-98CE-EAF3E9C24D06}.Release|Any CPU.ActiveCfg = Release|Any CPU
		{F84BF0B0-6C79-4BD5-98CE-EAF3E9C24D06}.Release|Any CPU.Build.0 = Release|Any CPU
		{F89D2F7F-E5E9-4577-BE71-1DAFA461E434}.Debug|Any CPU.ActiveCfg = Debug|Any CPU
		{F89D2F7F-E5E9-4577-BE71-1DAFA461E434}.Debug|Any CPU.Build.0 = Debug|Any CPU
		{F89D2F7F-E5E9-4577-BE71-1DAFA461E434}.Release|Any CPU.ActiveCfg = Release|Any CPU
		{F89D2F7F-E5E9-4577-BE71-1DAFA461E434}.Release|Any CPU.Build.0 = Release|Any CPU
		{F6F962A9-ECDF-456F-A89B-A7F0817F4BE4}.Debug|Any CPU.ActiveCfg = Debug|Any CPU
		{F6F962A9-ECDF-456F-A89B-A7F0817F4BE4}.Debug|Any CPU.Build.0 = Debug|Any CPU
		{F6F962A9-ECDF-456F-A89B-A7F0817F4BE4}.Release|Any CPU.ActiveCfg = Release|Any CPU
		{F6F962A9-ECDF-456F-A89B-A7F0817F4BE4}.Release|Any CPU.Build.0 = Release|Any CPU
		{6F40138C-5531-403D-BD95-9F21FBBE9C82}.Debug|Any CPU.ActiveCfg = Debug|Any CPU
		{6F40138C-5531-403D-BD95-9F21FBBE9C82}.Debug|Any CPU.Build.0 = Debug|Any CPU
		{6F40138C-5531-403D-BD95-9F21FBBE9C82}.Release|Any CPU.ActiveCfg = Release|Any CPU
		{6F40138C-5531-403D-BD95-9F21FBBE9C82}.Release|Any CPU.Build.0 = Release|Any CPU
		{1D32D212-D0BE-45CA-90CD-6ECA72DFB39F}.Debug|Any CPU.ActiveCfg = Debug|Any CPU
		{1D32D212-D0BE-45CA-90CD-6ECA72DFB39F}.Debug|Any CPU.Build.0 = Debug|Any CPU
		{1D32D212-D0BE-45CA-90CD-6ECA72DFB39F}.Release|Any CPU.ActiveCfg = Release|Any CPU
		{1D32D212-D0BE-45CA-90CD-6ECA72DFB39F}.Release|Any CPU.Build.0 = Release|Any CPU
		{57C89748-4955-49DE-A192-4A119662D28A}.Debug|Any CPU.ActiveCfg = Debug|Any CPU
		{57C89748-4955-49DE-A192-4A119662D28A}.Debug|Any CPU.Build.0 = Debug|Any CPU
		{57C89748-4955-49DE-A192-4A119662D28A}.Release|Any CPU.ActiveCfg = Release|Any CPU
		{57C89748-4955-49DE-A192-4A119662D28A}.Release|Any CPU.Build.0 = Release|Any CPU
		{AFB0A6D0-5402-4D4D-AF2F-7411EF9C506A}.Debug|Any CPU.ActiveCfg = Debug|Any CPU
		{AFB0A6D0-5402-4D4D-AF2F-7411EF9C506A}.Debug|Any CPU.Build.0 = Debug|Any CPU
		{AFB0A6D0-5402-4D4D-AF2F-7411EF9C506A}.Release|Any CPU.ActiveCfg = Release|Any CPU
		{AFB0A6D0-5402-4D4D-AF2F-7411EF9C506A}.Release|Any CPU.Build.0 = Release|Any CPU
		{6F9893E0-399F-4D75-8F25-E1D9BCD4CCB7}.Debug|Any CPU.ActiveCfg = Debug|Any CPU
		{6F9893E0-399F-4D75-8F25-E1D9BCD4CCB7}.Debug|Any CPU.Build.0 = Debug|Any CPU
		{6F9893E0-399F-4D75-8F25-E1D9BCD4CCB7}.Release|Any CPU.ActiveCfg = Release|Any CPU
		{6F9893E0-399F-4D75-8F25-E1D9BCD4CCB7}.Release|Any CPU.Build.0 = Release|Any CPU
		{9A99C922-8CEB-4F63-906B-3FB35DD256ED}.Debug|Any CPU.ActiveCfg = Debug|Any CPU
		{9A99C922-8CEB-4F63-906B-3FB35DD256ED}.Debug|Any CPU.Build.0 = Debug|Any CPU
		{9A99C922-8CEB-4F63-906B-3FB35DD256ED}.Release|Any CPU.ActiveCfg = Release|Any CPU
		{9A99C922-8CEB-4F63-906B-3FB35DD256ED}.Release|Any CPU.Build.0 = Release|Any CPU
		{3A555136-3C6B-4885-B020-4F657157DBA6}.Debug|Any CPU.ActiveCfg = Debug|Any CPU
		{3A555136-3C6B-4885-B020-4F657157DBA6}.Debug|Any CPU.Build.0 = Debug|Any CPU
		{3A555136-3C6B-4885-B020-4F657157DBA6}.Release|Any CPU.ActiveCfg = Release|Any CPU
		{3A555136-3C6B-4885-B020-4F657157DBA6}.Release|Any CPU.Build.0 = Release|Any CPU
		{9450DBED-BB45-450A-9ACF-194322B2FFE6}.Debug|Any CPU.ActiveCfg = Debug|Any CPU
		{9450DBED-BB45-450A-9ACF-194322B2FFE6}.Debug|Any CPU.Build.0 = Debug|Any CPU
		{9450DBED-BB45-450A-9ACF-194322B2FFE6}.Release|Any CPU.ActiveCfg = Release|Any CPU
		{9450DBED-BB45-450A-9ACF-194322B2FFE6}.Release|Any CPU.Build.0 = Release|Any CPU
		{0B1B94B0-7388-41DE-8AC3-5B8CAFF245FE}.Debug|Any CPU.ActiveCfg = Debug|Any CPU
		{0B1B94B0-7388-41DE-8AC3-5B8CAFF245FE}.Debug|Any CPU.Build.0 = Debug|Any CPU
		{0B1B94B0-7388-41DE-8AC3-5B8CAFF245FE}.Release|Any CPU.ActiveCfg = Release|Any CPU
		{0B1B94B0-7388-41DE-8AC3-5B8CAFF245FE}.Release|Any CPU.Build.0 = Release|Any CPU
		{54E06D58-8FDA-4A12-B4EB-55DB0F1B0D80}.Debug|Any CPU.ActiveCfg = Debug|Any CPU
		{54E06D58-8FDA-4A12-B4EB-55DB0F1B0D80}.Debug|Any CPU.Build.0 = Debug|Any CPU
		{54E06D58-8FDA-4A12-B4EB-55DB0F1B0D80}.Release|Any CPU.ActiveCfg = Release|Any CPU
		{54E06D58-8FDA-4A12-B4EB-55DB0F1B0D80}.Release|Any CPU.Build.0 = Release|Any CPU
		{40949A28-A9BE-41E1-87DC-520DF119BF46}.Debug|Any CPU.ActiveCfg = Debug|Any CPU
		{40949A28-A9BE-41E1-87DC-520DF119BF46}.Debug|Any CPU.Build.0 = Debug|Any CPU
		{40949A28-A9BE-41E1-87DC-520DF119BF46}.Release|Any CPU.ActiveCfg = Release|Any CPU
		{40949A28-A9BE-41E1-87DC-520DF119BF46}.Release|Any CPU.Build.0 = Release|Any CPU
		{8EF15251-FE86-41D1-B928-C8CF71203C97}.Debug|Any CPU.ActiveCfg = Debug|Any CPU
		{8EF15251-FE86-41D1-B928-C8CF71203C97}.Debug|Any CPU.Build.0 = Debug|Any CPU
		{8EF15251-FE86-41D1-B928-C8CF71203C97}.Release|Any CPU.ActiveCfg = Release|Any CPU
		{8EF15251-FE86-41D1-B928-C8CF71203C97}.Release|Any CPU.Build.0 = Release|Any CPU
		{171B5D4D-DC19-4CCC-AA3A-6D9BE006EEE2}.Debug|Any CPU.ActiveCfg = Debug|Any CPU
		{171B5D4D-DC19-4CCC-AA3A-6D9BE006EEE2}.Debug|Any CPU.Build.0 = Debug|Any CPU
		{171B5D4D-DC19-4CCC-AA3A-6D9BE006EEE2}.Release|Any CPU.ActiveCfg = Release|Any CPU
		{171B5D4D-DC19-4CCC-AA3A-6D9BE006EEE2}.Release|Any CPU.Build.0 = Release|Any CPU
		{C32A3A5C-FB74-4D62-8010-4A7CD7ADF04D}.Debug|Any CPU.ActiveCfg = Debug|Any CPU
		{C32A3A5C-FB74-4D62-8010-4A7CD7ADF04D}.Debug|Any CPU.Build.0 = Debug|Any CPU
		{C32A3A5C-FB74-4D62-8010-4A7CD7ADF04D}.Release|Any CPU.ActiveCfg = Release|Any CPU
		{C32A3A5C-FB74-4D62-8010-4A7CD7ADF04D}.Release|Any CPU.Build.0 = Release|Any CPU
		{69915A50-C69D-4261-9AE5-5D1C0D760B4A}.Debug|Any CPU.ActiveCfg = Debug|Any CPU
		{69915A50-C69D-4261-9AE5-5D1C0D760B4A}.Debug|Any CPU.Build.0 = Debug|Any CPU
		{69915A50-C69D-4261-9AE5-5D1C0D760B4A}.Release|Any CPU.ActiveCfg = Release|Any CPU
		{69915A50-C69D-4261-9AE5-5D1C0D760B4A}.Release|Any CPU.Build.0 = Release|Any CPU
		{6A91E822-5AAA-44EB-B3A3-6141BD85FF23}.Debug|Any CPU.ActiveCfg = Debug|Any CPU
		{6A91E822-5AAA-44EB-B3A3-6141BD85FF23}.Debug|Any CPU.Build.0 = Debug|Any CPU
		{6A91E822-5AAA-44EB-B3A3-6141BD85FF23}.Release|Any CPU.ActiveCfg = Release|Any CPU
		{6A91E822-5AAA-44EB-B3A3-6141BD85FF23}.Release|Any CPU.Build.0 = Release|Any CPU
		{D4D030F7-FF08-4E4E-B7D5-6BDC462E2D7A}.Debug|Any CPU.ActiveCfg = Debug|Any CPU
		{D4D030F7-FF08-4E4E-B7D5-6BDC462E2D7A}.Debug|Any CPU.Build.0 = Debug|Any CPU
		{D4D030F7-FF08-4E4E-B7D5-6BDC462E2D7A}.Release|Any CPU.ActiveCfg = Release|Any CPU
		{D4D030F7-FF08-4E4E-B7D5-6BDC462E2D7A}.Release|Any CPU.Build.0 = Release|Any CPU
		{8DC79942-B275-4583-9CFC-36324073C3FD}.Debug|Any CPU.ActiveCfg = Debug|Any CPU
		{8DC79942-B275-4583-9CFC-36324073C3FD}.Debug|Any CPU.Build.0 = Debug|Any CPU
		{8DC79942-B275-4583-9CFC-36324073C3FD}.Release|Any CPU.ActiveCfg = Release|Any CPU
		{8DC79942-B275-4583-9CFC-36324073C3FD}.Release|Any CPU.Build.0 = Release|Any CPU
		{D69ABEA7-CC35-46BF-9A5D-E22BBC9D08C2}.Debug|Any CPU.ActiveCfg = Debug|Any CPU
		{D69ABEA7-CC35-46BF-9A5D-E22BBC9D08C2}.Debug|Any CPU.Build.0 = Debug|Any CPU
		{D69ABEA7-CC35-46BF-9A5D-E22BBC9D08C2}.Release|Any CPU.ActiveCfg = Release|Any CPU
		{D69ABEA7-CC35-46BF-9A5D-E22BBC9D08C2}.Release|Any CPU.Build.0 = Release|Any CPU
		{A7069C1C-0838-4EBC-82B4-6490DB65B2D3}.Debug|Any CPU.ActiveCfg = Debug|Any CPU
		{A7069C1C-0838-4EBC-82B4-6490DB65B2D3}.Debug|Any CPU.Build.0 = Debug|Any CPU
		{A7069C1C-0838-4EBC-82B4-6490DB65B2D3}.Release|Any CPU.ActiveCfg = Release|Any CPU
		{A7069C1C-0838-4EBC-82B4-6490DB65B2D3}.Release|Any CPU.Build.0 = Release|Any CPU
	EndGlobalSection
	GlobalSection(SolutionProperties) = preSolution
		HideSolutionNode = FALSE
	EndGlobalSection
	GlobalSection(NestedProjects) = preSolution
		{8EDF4429-251A-416D-BB68-93F227191BCF} = {C9258F12-9DC9-471E-BD9E-36A4D093720B}
		{0D2DD20E-7405-4DD0-B32F-877B508DCC80} = {C9258F12-9DC9-471E-BD9E-36A4D093720B}
		{E4B0D242-CC93-41AF-91F9-936D76071F22} = {38D19787-27AD-414C-ADB4-E7251358BA85}
		{ED44669E-0C24-4161-A3FA-F9F6C8030009} = {C9258F12-9DC9-471E-BD9E-36A4D093720B}
		{14A13CBD-156B-475A-A95D-ADBC9CBB5226} = {C9258F12-9DC9-471E-BD9E-36A4D093720B}
		{446FC7DD-25AC-43B9-A616-91B4B8621509} = {C9258F12-9DC9-471E-BD9E-36A4D093720B}
		{944B12E2-8A35-4470-9219-54CCE3278E3A} = {C41EB4FF-B636-47A4-82D2-2A4E4CF56CDA}
		{44BF101C-249E-4480-8F8B-A3060FAD34C6} = {347396DF-0E08-4235-A020-1884CFB00C0B}
		{E0AE26C0-2138-4DFD-A8F1-E84774B25340} = {C9258F12-9DC9-471E-BD9E-36A4D093720B}
		{ABAC6196-F657-4873-BC09-31ABAC2C1373} = {C9258F12-9DC9-471E-BD9E-36A4D093720B}
		{5AD0A739-A822-4096-88B7-40A701EC94F5} = {C9258F12-9DC9-471E-BD9E-36A4D093720B}
		{719D5F48-B194-445D-8E5B-6590A499F3B9} = {C9258F12-9DC9-471E-BD9E-36A4D093720B}
		{3DEC5FD8-E026-4D58-A688-21CED13DC09D} = {C41EB4FF-B636-47A4-82D2-2A4E4CF56CDA}
		{B1F8E682-AB4D-4EEF-AC97-EF6183A25BE6} = {38D19787-27AD-414C-ADB4-E7251358BA85}
		{D936FE85-7E27-4F08-BC07-B793585B719E} = {C9258F12-9DC9-471E-BD9E-36A4D093720B}
		{D09D15ED-0B43-41D0-A6F9-9C5A8A35C677} = {C9258F12-9DC9-471E-BD9E-36A4D093720B}
		{863400AF-A113-4CE1-9C56-92E5FCD6735B} = {C9258F12-9DC9-471E-BD9E-36A4D093720B}
		{E21B1A93-786E-41B2-8F50-C5C6EB9312E3} = {C9258F12-9DC9-471E-BD9E-36A4D093720B}
		{C3F94555-B12C-4F3F-A6AC-A9685253E273} = {C41EB4FF-B636-47A4-82D2-2A4E4CF56CDA}
		{7F456EA1-67D8-4A99-B24C-760671DDA847} = {C3F94555-B12C-4F3F-A6AC-A9685253E273}
		{70F85E1F-CDE2-49AE-B162-E338197931F9} = {C3F94555-B12C-4F3F-A6AC-A9685253E273}
		{58113942-4E89-48F6-A365-ADEAF324BDB4} = {C3F94555-B12C-4F3F-A6AC-A9685253E273}
		{1CBD366B-5DBC-43CA-98B0-EEA639F16D6A} = {C41EB4FF-B636-47A4-82D2-2A4E4CF56CDA}
		{D46056D2-2524-4010-8CFD-05E424625562} = {38D19787-27AD-414C-ADB4-E7251358BA85}
		{E05C3E6C-93FD-4FAC-BF83-EDAF1D1B6D8E} = {C9258F12-9DC9-471E-BD9E-36A4D093720B}
		{19DDFA14-BBBB-4260-8FD9-CA075152A4C7} = {C41EB4FF-B636-47A4-82D2-2A4E4CF56CDA}
		{2D34BECE-F032-4874-9959-4872672BE6AC} = {C41EB4FF-B636-47A4-82D2-2A4E4CF56CDA}
		{3226555D-B0B6-489C-925D-30912BDB55AC} = {C41EB4FF-B636-47A4-82D2-2A4E4CF56CDA}
		{3DADF034-65B4-4872-B361-E011CCF6D46A} = {C41EB4FF-B636-47A4-82D2-2A4E4CF56CDA}
		{828EAC3B-254B-4D17-9DB6-8356C6193826} = {C41EB4FF-B636-47A4-82D2-2A4E4CF56CDA}
		{06264907-4290-476C-BCFE-57A0BC4267C9} = {C41EB4FF-B636-47A4-82D2-2A4E4CF56CDA}
		{5FD423AA-0B8E-49B4-9772-E20FEC5D81D0} = {C41EB4FF-B636-47A4-82D2-2A4E4CF56CDA}
		{9A868075-73DF-47F1-9698-338A638F53BC} = {C3F94555-B12C-4F3F-A6AC-A9685253E273}
		{AE6EC5FC-F043-4EEC-894C-C2DDE725AED2} = {C3F94555-B12C-4F3F-A6AC-A9685253E273}
		{CC606D66-855E-4233-9C9D-6C8B6A0023F9} = {C3F94555-B12C-4F3F-A6AC-A9685253E273}
		{57FB62EC-D32D-4153-9B6F-AC7D3C53DAFE} = {C41EB4FF-B636-47A4-82D2-2A4E4CF56CDA}
		{3957D08C-69EA-4FD3-927A-97E57688F515} = {C41EB4FF-B636-47A4-82D2-2A4E4CF56CDA}
		{83145982-2BF7-49D9-9780-D0EA24A1901B} = {C41EB4FF-B636-47A4-82D2-2A4E4CF56CDA}
		{766A6554-B2B6-490F-8FB4-14FFECFC8CE0} = {C41EB4FF-B636-47A4-82D2-2A4E4CF56CDA}
		{8B38E43A-7793-4F13-BBE4-EB95BFAE4EF6} = {38D19787-27AD-414C-ADB4-E7251358BA85}
		{F84BF0B0-6C79-4BD5-98CE-EAF3E9C24D06} = {C9258F12-9DC9-471E-BD9E-36A4D093720B}
		{F89D2F7F-E5E9-4577-BE71-1DAFA461E434} = {C9258F12-9DC9-471E-BD9E-36A4D093720B}
		{F6F962A9-ECDF-456F-A89B-A7F0817F4BE4} = {347396DF-0E08-4235-A020-1884CFB00C0B}
		{6F40138C-5531-403D-BD95-9F21FBBE9C82} = {C3F94555-B12C-4F3F-A6AC-A9685253E273}
		{1D32D212-D0BE-45CA-90CD-6ECA72DFB39F} = {38D19787-27AD-414C-ADB4-E7251358BA85}
		{57C89748-4955-49DE-A192-4A119662D28A} = {C9258F12-9DC9-471E-BD9E-36A4D093720B}
		{AFB0A6D0-5402-4D4D-AF2F-7411EF9C506A} = {C3F94555-B12C-4F3F-A6AC-A9685253E273}
		{6F9893E0-399F-4D75-8F25-E1D9BCD4CCB7} = {347396DF-0E08-4235-A020-1884CFB00C0B}
		{9450DBED-BB45-450A-9ACF-194322B2FFE6} = {38D19787-27AD-414C-ADB4-E7251358BA85}
		{0B1B94B0-7388-41DE-8AC3-5B8CAFF245FE} = {C9258F12-9DC9-471E-BD9E-36A4D093720B}
		{40949A28-A9BE-41E1-87DC-520DF119BF46} = {347396DF-0E08-4235-A020-1884CFB00C0B}
		{C32A3A5C-FB74-4D62-8010-4A7CD7ADF04D} = {C9258F12-9DC9-471E-BD9E-36A4D093720B}
		{69915A50-C69D-4261-9AE5-5D1C0D760B4A} = {C9258F12-9DC9-471E-BD9E-36A4D093720B}
		{6A91E822-5AAA-44EB-B3A3-6141BD85FF23} = {C3F94555-B12C-4F3F-A6AC-A9685253E273}
		{D4D030F7-FF08-4E4E-B7D5-6BDC462E2D7A} = {C41EB4FF-B636-47A4-82D2-2A4E4CF56CDA}
		{8DC79942-B275-4583-9CFC-36324073C3FD} = {C41EB4FF-B636-47A4-82D2-2A4E4CF56CDA}
	EndGlobalSection
	GlobalSection(ExtensibilityGlobals) = postSolution
		SolutionGuid = {92A5911F-2B1E-4BE0-B977-3971B09D682B}
	EndGlobalSection
EndGlobal
